# THIS IS AN AUTOGENERATED FILE. DO NOT EDIT THIS FILE DIRECTLY.
# yarn lockfile v1


addr-to-ip-port@^1.0.1, addr-to-ip-port@^1.4.2:
  version "1.5.1"
  resolved "https://registry.yarnpkg.com/addr-to-ip-port/-/addr-to-ip-port-1.5.1.tgz#bfada13fd6aeeeac19f1e9f7d84b4bbab45e5208"
  integrity sha512-bA+dyydTNuQtrEDJ0g9eR7XabNhvrM5yZY0hvTbNK3yvoeC73ZqMES6E1cEqH9WPxs4uMtMsOjfwS4FmluhsAA==

ascli@~0.3:
  version "0.3.0"
  resolved "https://registry.yarnpkg.com/ascli/-/ascli-0.3.0.tgz#5e66230e5219fe3e8952a4efb4f20fae596a813a"
  dependencies:
    colour latest
    optjs latest

async-limiter@~1.0.0:
  version "1.0.0"
  resolved "https://registry.yarnpkg.com/async-limiter/-/async-limiter-1.0.0.tgz#78faed8c3d074ab81f22b4e985d79e8738f720f8"
  integrity sha512-jp/uFnooOiO+L211eZOoSyzpOITMXx1rBITauYykG3BRYPu8h0UcxsPNB04RR5vo4Tyz3+ay17tR6JVf9qzYWg==

balanced-match@^1.0.0:
  version "1.0.0"
  resolved "https://registry.yarnpkg.com/balanced-match/-/balanced-match-1.0.0.tgz#89b4d199ab2bee49de164ea02b89ce462d71b767"
  integrity sha1-ibTRmasr7kneFk6gK4nORi1xt2c=

bencode@^2.0.0:
  version "2.0.1"
  resolved "https://registry.yarnpkg.com/bencode/-/bencode-2.0.1.tgz#667a6a31c5e038d558608333da6b7c94e836c85b"
  integrity sha512-2uhEl8FdjSBUyb69qDTgOEeeqDTa+n3yMQzLW0cOzNf1Ow5bwcg3idf+qsWisIKRH8Bk8oC7UXL8irRcPA8ZEQ==
  dependencies:
    safe-buffer "^5.1.1"

binary-search@^1.3.4:
  version "1.3.5"
  resolved "https://registry.yarnpkg.com/binary-search/-/binary-search-1.3.5.tgz#479ad009589e0273cf54e5d74ab1546c489078ce"
  integrity sha512-RHFP0AdU6KAB0CCZsRMU2CJTk2EpL8GLURT+4gilpjr1f/7M91FgUMnXuQLmf3OKLet34gjuNFwO7e4agdX5pw==

bindings@~1.2.1:
  version "1.2.1"
  resolved "https://registry.yarnpkg.com/bindings/-/bindings-1.2.1.tgz#14ad6113812d2d37d72e67b4cacb4bb726505f11"

bitfield@^2.0.0:
  version "2.0.0"
  resolved "https://registry.yarnpkg.com/bitfield/-/bitfield-2.0.0.tgz#fbe6767592fe5b4c87ecf1d04126294cc1bfa837"
  integrity sha512-4xM4DYejOHQ/qWBfeqBXNA4mJ12PwcOibFYnH1kYh5U9BHciCqEJBqGNVnMJXUhm8mflujNRLSv7IiVQxovgjw==

bittorrent-dht@^9.0.0:
  version "9.0.0"
  resolved "https://registry.yarnpkg.com/bittorrent-dht/-/bittorrent-dht-9.0.0.tgz#08d5ebb51ed91d7e3eea5c275554f4323fb523e5"
  integrity sha512-X5ax4G/PLtEPfqOUjqDZ2nmPENndWRMK4sT2jcQ4sXor904zhR40r4KqTyTvWYAljh5/hPPqM9DCUUtqWzRXoQ==
  dependencies:
    bencode "^2.0.0"
    buffer-equals "^1.0.3"
    debug "^3.1.0"
    inherits "^2.0.1"
    k-bucket "^5.0.0"
    k-rpc "^5.0.0"
    last-one-wins "^1.0.4"
    lru "^3.1.0"
    randombytes "^2.0.5"
    record-cache "^1.0.2"
    safe-buffer "^5.0.1"
    simple-sha1 "^2.1.0"

bittorrent-peerid@^1.0.2:
  version "1.3.0"
  resolved "https://registry.yarnpkg.com/bittorrent-peerid/-/bittorrent-peerid-1.3.0.tgz#a435d3b267c887c586c528b53359845905d7c158"
  integrity sha512-SYd5H3RbN1ex+TrWAKXkEkASFWxAR7Tk6iLt9tfAT9ehBvZb/Y3AQDVRVJynlrixcWpnmsLYKI7tkRWgp7ORoQ==

bittorrent-protocol@^3.0.0:
  version "3.0.1"
  resolved "https://registry.yarnpkg.com/bittorrent-protocol/-/bittorrent-protocol-3.0.1.tgz#d3948f4d2b09d538095f7e5f93f64ba5df6b5c2a"
  integrity sha512-hnvOzAu9u+2H0OLLL5byoFdz6oz5f3bx5f7R+ItUohTHMq9TgUhEJfcjo7xWtQHSKOVciYWwYTJ4EjczF5RX2A==
  dependencies:
    bencode "^2.0.0"
    bitfield "^2.0.0"
    debug "^3.1.0"
    randombytes "^2.0.5"
    readable-stream "^2.3.2"
    speedometer "^1.0.0"
    unordered-array-remove "^1.0.2"
    xtend "^4.0.0"

bittorrent-tracker@^9.0.0:
  version "9.10.1"
  resolved "https://registry.yarnpkg.com/bittorrent-tracker/-/bittorrent-tracker-9.10.1.tgz#5de14aac012a287af394d3cc9eda1ec6cc956f11"
  integrity sha512-n5zTL/g6Wt0rb2EnkiyiaGYhth7I/N0/xMqGUpvGX/7g1scDGBVPhJnXR8lfp3/OMj681fv40o4q/otECMtZSA==
  dependencies:
    bencode "^2.0.0"
    bittorrent-peerid "^1.0.2"
    bn.js "^4.4.0"
    compact2string "^1.2.0"
    debug "^3.1.0"
    inherits "^2.0.1"
    ip "^1.0.1"
    lru "^3.0.0"
    minimist "^1.1.1"
    once "^1.3.0"
    random-iterate "^1.0.1"
    randombytes "^2.0.3"
    run-parallel "^1.1.2"
    run-series "^1.0.2"
    safe-buffer "^5.0.0"
    simple-get "^3.0.0"
    simple-peer "^9.0.0"
    simple-websocket "^7.0.1"
    string2compact "^1.1.1"
    uniq "^1.0.1"
    unordered-array-remove "^1.0.2"
    ws "^6.0.0"
    xtend "^4.0.0"
  optionalDependencies:
    bufferutil "^4.0.0"
    utf-8-validate "^5.0.1"

blob-to-buffer@^1.2.6:
  version "1.2.8"
  resolved "https://registry.yarnpkg.com/blob-to-buffer/-/blob-to-buffer-1.2.8.tgz#78eeeb332f1280ed0ca6fb2b60693a8c6d36903a"
  integrity sha512-re0AIxakF504MgeMtIyJkVcZ8T5aUxtp/QmTMlmjyb3P44E1BEv5x3LATBGApWAJATyXHtkXRD+gWTmeyYLiQA==

block-stream2@^1.0.0:
  version "1.1.0"
  resolved "https://registry.yarnpkg.com/block-stream2/-/block-stream2-1.1.0.tgz#c738e3a91ba977ebb5e1fef431e13ca11d8639e2"
  integrity sha1-xzjjqRupd+u14f70MeE8oR2GOeI=
  dependencies:
    defined "^1.0.0"
    inherits "^2.0.1"
    readable-stream "^2.0.4"

bn.js@^4.4.0:
  version "4.11.8"
  resolved "https://registry.yarnpkg.com/bn.js/-/bn.js-4.11.8.tgz#2cde09eb5ee341f484746bb0309b3253b1b1442f"
  integrity sha512-ItfYfPLkWHUjckQCk8xC+LwxgK8NYcXywGigJgSwOP8Y2iyWT4f2vsZnoOXTTbo+o5yXmIUJ4gn5538SO5S3gA==

brace-expansion@^1.1.7:
  version "1.1.11"
  resolved "https://registry.yarnpkg.com/brace-expansion/-/brace-expansion-1.1.11.tgz#3c7fcbf529d87226f3d2f52b966ff5271eb441dd"
  integrity sha512-iCuPHDFgrHX7H2vEI/5xpz07zSHB00TpugqhmYtVmMO6518mCuRMoOYFldEBl0g187ufozdaHgWKcYFb61qGiA==
  dependencies:
    balanced-match "^1.0.0"
    concat-map "0.0.1"

browserify-package-json@^1.0.0:
  version "1.0.1"
  resolved "https://registry.yarnpkg.com/browserify-package-json/-/browserify-package-json-1.0.1.tgz#98dde8aa5c561fd6d3fe49bbaa102b74b396fdea"
  integrity sha1-mN3oqlxWH9bT/km7qhArdLOW/eo=

buffer-alloc-unsafe@^1.1.0:
  version "1.1.0"
  resolved "https://registry.yarnpkg.com/buffer-alloc-unsafe/-/buffer-alloc-unsafe-1.1.0.tgz#bd7dc26ae2972d0eda253be061dba992349c19f0"
  integrity sha512-TEM2iMIEQdJ2yjPJoSIsldnleVaAk1oW3DBVUykyOLsEsFmEc9kn+SFFPz+gl54KQNxlDnAwCXosOS9Okx2xAg==

buffer-alloc@^1.1.0, buffer-alloc@^1.2.0:
  version "1.2.0"
  resolved "https://registry.yarnpkg.com/buffer-alloc/-/buffer-alloc-1.2.0.tgz#890dd90d923a873e08e10e5fd51a57e5b7cce0ec"
  integrity sha512-CFsHQgjtW1UChdXgbyJGtnm+O/uLQeZdtbDo8mfUgYXCHSM1wgrVxXm6bSyrUuErEb+4sYVGCzASBRot7zyrow==
  dependencies:
    buffer-alloc-unsafe "^1.1.0"
    buffer-fill "^1.0.0"

buffer-equals@^1.0.3, buffer-equals@^1.0.4:
  version "1.0.4"
  resolved "https://registry.yarnpkg.com/buffer-equals/-/buffer-equals-1.0.4.tgz#0353b54fd07fd9564170671ae6f66b9cf10d27f5"
  integrity sha1-A1O1T9B/2VZBcGca5vZrnPENJ/U=

buffer-fill@^1.0.0:
  version "1.0.0"
  resolved "https://registry.yarnpkg.com/buffer-fill/-/buffer-fill-1.0.0.tgz#f8f78b76789888ef39f205cd637f68e702122b2c"
  integrity sha1-+PeLdniYiO858gXNY39o5wISKyw=

buffer-from@^1.1.0:
  version "1.1.1"
  resolved "https://registry.yarnpkg.com/buffer-from/-/buffer-from-1.1.1.tgz#32713bc028f75c02fdb710d7c7bcec1f2c6070ef"
  integrity sha512-MQcXEUbCKtEo7bhqEs6560Hyd4XaovZlO/k9V3hjVUF/zwW7KBVdSK4gIt/bzwS9MbR5qob+F5jusZsb0YQK2A==

bufferutil@^4.0.0:
  version "4.0.1"
  resolved "https://registry.yarnpkg.com/bufferutil/-/bufferutil-4.0.1.tgz#3a177e8e5819a1243fe16b63a199951a7ad8d4a7"
  integrity sha512-xowrxvpxojqkagPcWRQVXZl0YXhRhAtBEIq3VoER1NH5Mw1n1o0ojdspp+GS2J//2gCVyrzQDApQ4unGF+QOoA==
  dependencies:
    node-gyp-build "~3.7.0"

bufferview@~1:
  version "1.0.1"
  resolved "https://registry.yarnpkg.com/bufferview/-/bufferview-1.0.1.tgz#7afd74a45f937fa422a1d338c08bbfdc76cd725d"

"bytebuffer@~3 >=3.5":
  version "3.5.5"
  resolved "https://registry.yarnpkg.com/bytebuffer/-/bytebuffer-3.5.5.tgz#7a6faf1a13514b083f1fcf9541c4c9bfbe7e7fd3"
  dependencies:
    bufferview "~1"
    long "~2 >=2.2.3"

castv2-client@^1.2.0:
  version "1.2.0"
  resolved "https://registry.yarnpkg.com/castv2-client/-/castv2-client-1.2.0.tgz#a9193b1a5448b8cb9a0415bd021c8811ed7b0544"
  dependencies:
    castv2 "~0.1.4"
    debug "^2.2.0"

castv2@~0.1.4:
  version "0.1.9"
  resolved "https://registry.yarnpkg.com/castv2/-/castv2-0.1.9.tgz#d0b0fab1fd06b0d9cca636886716ec1293a5905a"
  dependencies:
    debug "^2.2.0"
    protobufjs "^3.2.2"

chunk-store-stream@^3.0.1:
  version "3.0.1"
  resolved "https://registry.yarnpkg.com/chunk-store-stream/-/chunk-store-stream-3.0.1.tgz#8e0d739226dcb386f44447b82a005b597a1d41d9"
  integrity sha512-GA1NIFDZKElhkjiO6QOyzfK1QbUt6M3gFhUU/aR05JYaDqXbU5d7U92cLvGKdItJEDfojky6NQefy5VL5PpDBA==
  dependencies:
    block-stream2 "^1.0.0"
    readable-stream "^2.0.5"

closest-to@~2.0.0:
  version "2.0.0"
  resolved "https://registry.yarnpkg.com/closest-to/-/closest-to-2.0.0.tgz#bb2a860edb7769b62d04821748ae50da24dbefaa"
  integrity sha1-uyqGDtt3abYtBIIXSK5Q2iTb76o=

colour@latest:
  version "0.7.1"
  resolved "https://registry.yarnpkg.com/colour/-/colour-0.7.1.tgz#9cb169917ec5d12c0736d3e8685746df1cadf778"

compact2string@^1.2.0:
  version "1.4.1"
  resolved "https://registry.yarnpkg.com/compact2string/-/compact2string-1.4.1.tgz#8d34929055f8300a13cfc030ad1832e2e53c2e25"
  integrity sha512-3D+EY5nsRhqnOwDxveBv5T8wGo4DEvYxjDtPGmdOX+gfr5gE92c2RC0w2wa+xEefm07QuVqqcF3nZJUZ92l/og==
  dependencies:
    ipaddr.js ">= 0.1.5"

concat-map@0.0.1:
  version "0.0.1"
  resolved "https://registry.yarnpkg.com/concat-map/-/concat-map-0.0.1.tgz#d8a96bd77fd68df7793a73036a3ba0d5405d477b"
  integrity sha1-2Klr13/Wjfd5OnMDajug1UBdR3s=

core-util-is@~1.0.0:
  version "1.0.2"
  resolved "https://registry.yarnpkg.com/core-util-is/-/core-util-is-1.0.2.tgz#b5fd54220aa2bc5ab57aab7140c940754503c1a7"
  integrity sha1-tf1UIgqivFq1eqtxQMlAdUUDwac=

create-torrent@^3.33.0:
  version "3.33.0"
  resolved "https://registry.yarnpkg.com/create-torrent/-/create-torrent-3.33.0.tgz#8a7a2aa2213a799c266c40e4c12f1468ede25105"
  integrity sha512-KMd0KuvwVUg1grlRd5skG9ZkSbBYDDkAjDUMLnvxdRn0rL7ph3IwoOk7I8u1yLX4HYjGiLVlWYO55YWNNPjJFA==
  dependencies:
    bencode "^2.0.0"
    block-stream2 "^1.0.0"
    filestream "^4.0.0"
    flatten "^1.0.2"
    is-file "^1.0.0"
    junk "^2.1.0"
    minimist "^1.1.0"
    multistream "^2.0.2"
    once "^1.3.0"
    piece-length "^1.0.0"
    readable-stream "^3.0.2"
    run-parallel "^1.0.0"
    simple-sha1 "^2.0.0"

debug@^2.2.0:
  version "2.6.9"
  resolved "https://registry.yarnpkg.com/debug/-/debug-2.6.9.tgz#5d128515df134ff327e90a4c93f4e077a536341f"
  dependencies:
    ms "2.0.0"

debug@^3.1.0:
  version "3.2.6"
  resolved "https://registry.yarnpkg.com/debug/-/debug-3.2.6.tgz#e83d17de16d8a7efb7717edbe5fb10135eee629b"
  integrity sha512-mel+jf7nrtEl5Pn1Qx46zARXKDpBbvzezse7p7LqINmdoIk8PYP5SySaxEmYv6TZ0JyEKA1hsCId6DIhgITtWQ==
  dependencies:
    ms "^2.1.1"

debug@^4.0.1, debug@^4.1.0:
  version "4.1.1"
  resolved "https://registry.yarnpkg.com/debug/-/debug-4.1.1.tgz#3b72260255109c6b589cee050f1d516139664791"
  integrity sha512-pYAIzeRo8J6KPEaJ0VWOh5Pzkbw/RetuzehGM7QRRX5he4fPHx2rdKMB256ehJCkX+XRQm16eZLqLNS8RSZXZw==
  dependencies:
    ms "^2.1.1"

decompress-response@^3.3.0:
  version "3.3.0"
  resolved "https://registry.yarnpkg.com/decompress-response/-/decompress-response-3.3.0.tgz#80a4dd323748384bfa248083622aedec982adff3"
  integrity sha1-gKTdMjdIOEv6JICDYirt7Jgq3/M=
  dependencies:
    mimic-response "^1.0.0"

defined@^1.0.0:
  version "1.0.0"
  resolved "https://registry.yarnpkg.com/defined/-/defined-1.0.0.tgz#c98d9bcef75674188e110969151199e39b1fa693"
  integrity sha1-yY2bzvdWdBiOEQlpFRGZ45sfppM=

end-of-stream@^1.1.0:
  version "1.4.1"
  resolved "https://registry.yarnpkg.com/end-of-stream/-/end-of-stream-1.4.1.tgz#ed29634d19baba463b6ce6b80a37213eab71ec43"
  integrity sha512-1MkrZNvWTKCaigbn+W15elq2BB/L22nqrSY5DKlo3X6+vclJm8Bb5djXJBmEX6fS3+zCh/F4VBK5Z2KxJt4s2Q==
  dependencies:
    once "^1.4.0"

filestream@^4.0.0:
  version "4.1.3"
  resolved "https://registry.yarnpkg.com/filestream/-/filestream-4.1.3.tgz#948fcaade8221f715f5ecaddc54862faaacc9325"
  integrity sha1-lI/KregiH3FfXsrdxUhi+qrMkyU=
  dependencies:
    inherits "^2.0.1"
    readable-stream "^2.0.5"
    typedarray-to-buffer "^3.0.0"
    xtend "^4.0.1"

flatten@^1.0.2:
  version "1.0.2"
  resolved "https://registry.yarnpkg.com/flatten/-/flatten-1.0.2.tgz#dae46a9d78fbe25292258cc1e780a41d95c03782"
  integrity sha1-2uRqnXj74lKSJYzB54CkHZXAN4I=

fs-chunk-store@^1.6.2:
  version "1.7.0"
  resolved "https://registry.yarnpkg.com/fs-chunk-store/-/fs-chunk-store-1.7.0.tgz#1c4bcbe93c99af10aa04b65348f2bb27377a4010"
  integrity sha512-KhjJmZAs2eqfhCb6PdPx4RcZtheGTz86tpTC5JTvqBn/xda+Nb+0C7dCyjOSN7T76H6a56LvH0SVXQMchLXDRw==
  dependencies:
    mkdirp "^0.5.1"
    random-access-file "^2.0.1"
    randombytes "^2.0.3"
    rimraf "^2.4.2"
    run-parallel "^1.1.2"
    thunky "^1.0.1"

fs.realpath@^1.0.0:
  version "1.0.0"
  resolved "https://registry.yarnpkg.com/fs.realpath/-/fs.realpath-1.0.0.tgz#1504ad2523158caa40db4a2787cb01411994ea4f"
  integrity sha1-FQStJSMVjKpA20onh8sBQRmU6k8=

get-browser-rtc@^1.0.0:
  version "1.0.2"
  resolved "https://registry.yarnpkg.com/get-browser-rtc/-/get-browser-rtc-1.0.2.tgz#bbcd40c8451a7ed4ef5c373b8169a409dd1d11d9"
  integrity sha1-u81AyEUaftTvXDc7gWmkCd0dEdk=

get-stdin@^6.0.0:
  version "6.0.0"
  resolved "https://registry.yarnpkg.com/get-stdin/-/get-stdin-6.0.0.tgz#9e09bf712b360ab9225e812048f71fde9c89657b"
  integrity sha512-jp4tHawyV7+fkkSKyvjuLZswblUtz+SQKzSWnBbii16BuZksJlU1wuBYXY75r+duh/llF1ur6oNwi+2ZzjKZ7g==

glob@^7.1.3:
  version "7.1.3"
  resolved "https://registry.yarnpkg.com/glob/-/glob-7.1.3.tgz#3960832d3f1574108342dafd3a67b332c0969df1"
  integrity sha512-vcfuiIxogLV4DlGBHIUOwI0IbrJ8HWPc4MU7HzviGeNho/UJDfi6B5p3sHeWIQ0KGIU0Jpxi5ZHxemQfLkkAwQ==
  dependencies:
    fs.realpath "^1.0.0"
    inflight "^1.0.4"
    inherits "2"
    minimatch "^3.0.4"
    once "^1.3.0"
    path-is-absolute "^1.0.0"

immediate-chunk-store@^2.0.0:
  version "2.0.0"
  resolved "https://registry.yarnpkg.com/immediate-chunk-store/-/immediate-chunk-store-2.0.0.tgz#f313fd0cc71396d8911ad031179e1cccfda3da18"
  integrity sha512-5s6NiCGbtWc+OQA60jrre54w12U7tynIyUNjO5LJjNA5lWwvCv6640roq8Wk/wIuaqnd4Pgtp453OyJ7hbONkQ==

inflight@^1.0.4:
  version "1.0.6"
  resolved "https://registry.yarnpkg.com/inflight/-/inflight-1.0.6.tgz#49bd6331d7d02d0c09bc910a1075ba8165b56df9"
  integrity sha1-Sb1jMdfQLQwJvJEKEHW6gWW1bfk=
  dependencies:
    once "^1.3.0"
    wrappy "1"

inherits@2, inherits@^2.0.1, inherits@^2.0.3, inherits@~2.0.3:
  version "2.0.3"
  resolved "https://registry.yarnpkg.com/inherits/-/inherits-2.0.3.tgz#633c2c83e3da42a502f52466022480f4208261de"
  integrity sha1-Yzwsg+PaQqUC9SRmAiSA9CCCYd4=

ip-set@^1.0.0:
  version "1.0.1"
  resolved "https://registry.yarnpkg.com/ip-set/-/ip-set-1.0.1.tgz#633b66d0bd6c8d0de968d053263c9120d3b6727e"
  integrity sha1-Yztm0L1sjQ3paNBTJjyRINO2cn4=
  dependencies:
    ip "^1.1.3"

ip@^1.0.1, ip@^1.1.3:
  version "1.1.5"
  resolved "https://registry.yarnpkg.com/ip/-/ip-1.1.5.tgz#bdded70114290828c0a039e72ef25f5aaec4354a"
  integrity sha1-vd7XARQpCCjAoDnnLvJfWq7ENUo=

"ipaddr.js@>= 0.1.5", ipaddr.js@^1.0.1:
  version "1.9.0"
  resolved "https://registry.yarnpkg.com/ipaddr.js/-/ipaddr.js-1.9.0.tgz#37df74e430a0e47550fe54a2defe30d8acd95f65"
  integrity sha512-M4Sjn6N/+O6/IXSJseKqHoFc+5FdGJ22sXqnjTpdZweHK64MzEPAyQZyEU3R/KRv2GLoa7nNtg/C2Ev6m7z+eA==

is-ascii@^1.0.0:
  version "1.0.0"
  resolved "https://registry.yarnpkg.com/is-ascii/-/is-ascii-1.0.0.tgz#f02ad0259a0921cd199ff21ce1b09e0f6b4e3929"
  integrity sha1-8CrQJZoJIc0Zn/Ic4bCeD2tOOSk=

is-file@^1.0.0:
  version "1.0.0"
  resolved "https://registry.yarnpkg.com/is-file/-/is-file-1.0.0.tgz#28a44cfbd9d3db193045f22b65fce8edf9620596"
  integrity sha1-KKRM+9nT2xkwRfIrZfzo7fliBZY=

is-typedarray@^1.0.0:
  version "1.0.0"
  resolved "https://registry.yarnpkg.com/is-typedarray/-/is-typedarray-1.0.0.tgz#e479c80858df0c1b11ddda6940f96011fcda4a9a"
  integrity sha1-5HnICFjfDBsR3dppQPlgEfzaSpo=

isarray@~1.0.0:
  version "1.0.0"
  resolved "https://registry.yarnpkg.com/isarray/-/isarray-1.0.0.tgz#bb935d48582cba168c06834957a54a3e07124f11"
  integrity sha1-u5NdSFgsuhaMBoNJV6VKPgcSTxE=

junk@^2.1.0:
  version "2.1.0"
  resolved "https://registry.yarnpkg.com/junk/-/junk-2.1.0.tgz#f431b4b7f072dc500a5f10ce7f4ec71930e70134"
  integrity sha1-9DG0t/By3FAKXxDOf07HGTDnATQ=

k-bucket@^4.0.0:
  version "4.0.1"
  resolved "https://registry.yarnpkg.com/k-bucket/-/k-bucket-4.0.1.tgz#3fc2e5693f0b7bff90d7b6b476edd6087955d542"
  integrity sha512-YvDpmY3waI999h1zZoW1rJ04fZrgZ+5PAlVmvwDHT6YO/Q1AOhdel07xsKy9eAvJjQ9xZV1wz3rXKqEfaWvlcQ==
  dependencies:
    inherits "^2.0.1"
    randombytes "^2.0.3"

k-bucket@^5.0.0:
  version "5.0.0"
  resolved "https://registry.yarnpkg.com/k-bucket/-/k-bucket-5.0.0.tgz#ef7a401fcd4c37cd31dceaa6ae4440ca91055e01"
  integrity sha512-r/q+wV/Kde62/tk+rqyttEJn6h0jR7x+incdMVSYTqK73zVxVrzJa70kJL49cIKen8XjIgUZKSvk8ktnrQbK4w==
  dependencies:
    randombytes "^2.0.3"

k-rpc-socket@^1.7.2:
  version "1.8.0"
  resolved "https://registry.yarnpkg.com/k-rpc-socket/-/k-rpc-socket-1.8.0.tgz#9a4dd6a4f3795ed847ffa156579cc389990bd1f2"
  integrity sha512-f/9TynsO8YYjZ6JjNNtSSH7CJcIHcio1buy3zqByGxb/GX8AWLdL6FZEWTrN8V3/J7W4/E0ZTQQ+Jt2rVq7ELg==
  dependencies:
    bencode "^2.0.0"
    buffer-equals "^1.0.4"
    safe-buffer "^5.1.1"

k-rpc@^5.0.0:
  version "5.0.0"
  resolved "https://registry.yarnpkg.com/k-rpc/-/k-rpc-5.0.0.tgz#a72651860c96db440579e4c9f38dce8a42b481a8"
  integrity sha512-vCH2rQdfMOS+MlUuTSuar1pS2EMrltURf9LmAR9xR6Jik0XPlMX3vEixgqMn17wKmFVCublJqSJ4hJIP7oKZ3Q==
  dependencies:
    buffer-equals "^1.0.3"
    k-bucket "^4.0.0"
    k-rpc-socket "^1.7.2"
    randombytes "^2.0.5"
    safe-buffer "^5.1.1"

last-one-wins@^1.0.4:
  version "1.0.4"
  resolved "https://registry.yarnpkg.com/last-one-wins/-/last-one-wins-1.0.4.tgz#c1bfd0cbcb46790ec9156b8d1aee8fcb86cda22a"
  integrity sha1-wb/Qy8tGeQ7JFWuNGu6Py4bNoio=

load-ip-set@^2.1.0:
  version "2.1.0"
  resolved "https://registry.yarnpkg.com/load-ip-set/-/load-ip-set-2.1.0.tgz#2d50b737cae41de4e413d213991d4083a3e1784b"
  integrity sha512-taz7U6B+F7Zq90dfIKwqsB1CrFKelSEmMGC68OUqem8Cgd1QZygQBYb2Fk9i6muBSfH4xwF/Pjt4KKlAdOyWZw==
  dependencies:
    ip-set "^1.0.0"
    netmask "^1.0.6"
    once "^1.3.0"
    simple-get "^3.0.0"
    split "^1.0.0"

"long@~2 >=2.2.3":
  version "2.4.0"
  resolved "https://registry.yarnpkg.com/long/-/long-2.4.0.tgz#9fa180bb1d9500cdc29c4156766a1995e1f4524f"

lru@^3.0.0, lru@^3.1.0:
  version "3.1.0"
  resolved "https://registry.yarnpkg.com/lru/-/lru-3.1.0.tgz#ea7fb8546d83733396a13091d76cfeb4c06837d5"
  integrity sha1-6n+4VG2DczOWoTCR12z+tMBoN9U=
  dependencies:
    inherits "^2.0.1"

magnet-uri@^5.1.3:
  version "5.2.4"
  resolved "https://registry.yarnpkg.com/magnet-uri/-/magnet-uri-5.2.4.tgz#7afe5b736af04445aff744c93a890a3710077688"
  integrity sha512-VYaJMxhr8B9BrCiNINUsuhaEe40YnG+AQBwcqUKO66lSVaI9I3A1iH/6EmEwRI8OYUg5Gt+4lLE7achg676lrg==
  dependencies:
    thirty-two "^1.0.1"
    uniq "^1.0.1"

mdns@^2.4.0:
  version "2.4.0"
  resolved "https://registry.yarnpkg.com/mdns/-/mdns-2.4.0.tgz#dc9d7152086a2ca8f1ed81eb451a7ee4cb456940"
  dependencies:
    bindings "~1.2.1"
    nan "^2.10.0"

mediasource@^2.1.0, mediasource@^2.2.2:
  version "2.3.0"
  resolved "https://registry.yarnpkg.com/mediasource/-/mediasource-2.3.0.tgz#4c7b49e7ea4fb88f1cc181d8fcf0d94649271dc6"
  integrity sha512-fqm86UwHvAnneIv40Uy1sDQaFtAByq/k0SQ3uCtbnEeSQNT1s5TDHCZOD1VmYCHwfY1jL2NjoZVwzZKYqy3L7A==
  dependencies:
    inherits "^2.0.1"
    readable-stream "^3.0.0"
    to-arraybuffer "^1.0.1"

memory-chunk-store@^1.2.0:
  version "1.3.0"
  resolved "https://registry.yarnpkg.com/memory-chunk-store/-/memory-chunk-store-1.3.0.tgz#ae99e7e3b58b52db43d49d94722930d39459d0c4"
  integrity sha512-6LsOpHKKhxYrLhHmOJdBCUtSO7op5rUs1pag0fhjHo0QiXRyna0bwYf4EmQuL7InUeF2J7dUMPr6VMogRyf9NA==

mime@^2.4.0:
  version "2.4.1"
  resolved "https://registry.yarnpkg.com/mime/-/mime-2.4.1.tgz#19eb7357bebbda37df585b14038347721558c715"
  integrity sha512-VRUfmQO0rCd3hKwBymAn3kxYzBHr3I/wdVMywgG3HhXOwrCQgN84ZagpdTm2tZ4TNtwsSmyJWYO88mb5XvzGqQ==

mimic-response@^1.0.0:
  version "1.0.1"
  resolved "https://registry.yarnpkg.com/mimic-response/-/mimic-response-1.0.1.tgz#4923538878eef42063cb8a3e3b0798781487ab1b"
  integrity sha512-j5EctnkH7amfV/q5Hgmoal1g2QHFJRraOtmx0JpIqkxhBhI/lJSl1nMpQ45hVarwNETOoWEimndZ4QK0RHxuxQ==

minimatch@^3.0.4:
  version "3.0.4"
  resolved "https://registry.yarnpkg.com/minimatch/-/minimatch-3.0.4.tgz#5166e286457f03306064be5497e8dbb0c3d32083"
  integrity sha512-yJHVQEhyqPLUTgt9B83PXu6W3rx4MvvHvSUvToogpwoGDOUQ+yDrR0HRot+yOCdCO7u4hX3pWft6kWBBcqh0UA==
  dependencies:
    brace-expansion "^1.1.7"

minimist@0.0.8:
  version "0.0.8"
  resolved "https://registry.yarnpkg.com/minimist/-/minimist-0.0.8.tgz#857fcabfc3397d2625b8228262e86aa7a011b05d"
  integrity sha1-hX/Kv8M5fSYluCKCYuhqp6ARsF0=

minimist@^1.1.0, minimist@^1.1.1:
  version "1.2.0"
  resolved "https://registry.yarnpkg.com/minimist/-/minimist-1.2.0.tgz#a35008b20f41383eec1fb914f4cd5df79a264284"
  integrity sha1-o1AIsg9BOD7sH7kU9M1d95omQoQ=

mkdirp@^0.5.1:
  version "0.5.1"
  resolved "https://registry.yarnpkg.com/mkdirp/-/mkdirp-0.5.1.tgz#30057438eac6cf7f8c4767f38648d6697d75c903"
  integrity sha1-MAV0OOrGz3+MR2fzhkjWaX11yQM=
  dependencies:
    minimist "0.0.8"

mp4-box-encoding@^1.1.0, mp4-box-encoding@^1.3.0:
  version "1.3.0"
  resolved "https://registry.yarnpkg.com/mp4-box-encoding/-/mp4-box-encoding-1.3.0.tgz#2a6f750947ff68c3a498fd76cd6424c53d995d48"
  integrity sha512-U4pMLpjT/UzB8d36dxj6Mf1bG9xypEvgbuRIa1fztRXNKKTCAtRxsnFZhNOd7YDFOKtjBgssYGvo4H/Q3ZY1MA==
  dependencies:
    buffer-alloc "^1.2.0"
    buffer-from "^1.1.0"
    uint64be "^2.0.2"

mp4-stream@^2.0.0:
  version "2.0.3"
  resolved "https://registry.yarnpkg.com/mp4-stream/-/mp4-stream-2.0.3.tgz#30acee07709d323f8dcd87a07b3ce9c3c4bfb364"
  integrity sha512-5NzgI0+bGakoZEwnIYINXqB3mnewkt3Y7jcvkXsTubnCNUSdM8cpP0Vemxf6FLg0qUN8fydTgNMVAc3QU8B92g==
  dependencies:
    buffer-alloc "^1.1.0"
    inherits "^2.0.1"
    mp4-box-encoding "^1.1.0"
    next-event "^1.0.0"
    readable-stream "^2.0.3"

ms@2.0.0:
  version "2.0.0"
  resolved "https://registry.yarnpkg.com/ms/-/ms-2.0.0.tgz#5608aeadfc00be6c2901df5f9861788de0d597c8"

ms@^2.1.1:
  version "2.1.1"
  resolved "https://registry.yarnpkg.com/ms/-/ms-2.1.1.tgz#30a5864eb3ebb0a66f2ebe6d727af06a09d86e0a"
  integrity sha512-tgp+dl5cGk28utYktBsrFqA7HKgrhgPsg6Z/EfhWI4gl1Hwq8B/GmY/0oXZ6nF8hDVesS/FpnYaD/kOWhYQvyg==

multistream@^2.0.2, multistream@^2.0.5:
  version "2.1.1"
  resolved "https://registry.yarnpkg.com/multistream/-/multistream-2.1.1.tgz#629d3a29bd76623489980d04519a2c365948148c"
  integrity sha512-xasv76hl6nr1dEy3lPvy7Ej7K/Lx3O/FCvwge8PeVJpciPPoNCbaANcNiBug3IpdvTveZUcAV0DJzdnUDMesNQ==
  dependencies:
    inherits "^2.0.1"
    readable-stream "^2.0.5"

nan@^2.10.0:
  version "2.11.1"
  resolved "https://registry.yarnpkg.com/nan/-/nan-2.11.1.tgz#90e22bccb8ca57ea4cd37cc83d3819b52eea6766"

netmask@^1.0.6:
  version "1.0.6"
  resolved "https://registry.yarnpkg.com/netmask/-/netmask-1.0.6.tgz#20297e89d86f6f6400f250d9f4f6b4c1945fcd35"
  integrity sha1-ICl+idhvb2QA8lDZ9Pa0wZRfzTU=

next-event@^1.0.0:
  version "1.0.0"
  resolved "https://registry.yarnpkg.com/next-event/-/next-event-1.0.0.tgz#e7778acde2e55802e0ad1879c39cf6f75eda61d8"
  integrity sha1-53eKzeLlWALgrRh5w5z2917aYdg=

node-gyp-build@~3.7.0:
  version "3.7.0"
  resolved "https://registry.yarnpkg.com/node-gyp-build/-/node-gyp-build-3.7.0.tgz#daa77a4f547b9aed3e2aac779eaf151afd60ec8d"
  integrity sha512-L/Eg02Epx6Si2NXmedx+Okg+4UHqmaf3TNcxd50SF9NQGcJaON3AtU++kax69XV7YWz4tUspqZSAsVofhFKG2w==

once@^1.3.0, once@^1.3.1, once@^1.3.3, once@^1.4.0:
  version "1.4.0"
  resolved "https://registry.yarnpkg.com/once/-/once-1.4.0.tgz#583b1aa775961d4b113ac17d9c50baef9dd76bd1"
  integrity sha1-WDsap3WWHUsROsF9nFC6753Xa9E=
  dependencies:
    wrappy "1"

optjs@latest:
  version "3.2.2"
  resolved "https://registry.yarnpkg.com/optjs/-/optjs-3.2.2.tgz#69a6ce89c442a44403141ad2f9b370bd5bb6f4ee"

package-json-versionify@^1.0.2:
  version "1.0.4"
  resolved "https://registry.yarnpkg.com/package-json-versionify/-/package-json-versionify-1.0.4.tgz#5860587a944873a6b7e6d26e8e51ffb22315bf17"
  integrity sha1-WGBYepRIc6a35tJujlH/siMVvxc=
  dependencies:
    browserify-package-json "^1.0.0"

parse-numeric-range@^0.0.2:
  version "0.0.2"
  resolved "https://registry.yarnpkg.com/parse-numeric-range/-/parse-numeric-range-0.0.2.tgz#b4f09d413c7adbcd987f6e9233c7b4b210c938e4"
  integrity sha1-tPCdQTx6282Yf26SM8e0shDJOOQ=

parse-torrent@^6.1.2:
  version "6.1.2"
  resolved "https://registry.yarnpkg.com/parse-torrent/-/parse-torrent-6.1.2.tgz#99da5bdd23435a1cb7e8e7a63847c4efb21b1956"
  integrity sha512-Z/vig84sHwtrTEbOzisT4xnYTFlOgAaLQccPruMPgRahZUppVE/BUXzAos3jZM7c64o0lfukQdQ4ozWa5lN39w==
  dependencies:
    bencode "^2.0.0"
    blob-to-buffer "^1.2.6"
    get-stdin "^6.0.0"
    magnet-uri "^5.1.3"
    simple-get "^3.0.1"
    simple-sha1 "^2.0.0"
    uniq "^1.0.1"

path-is-absolute@^1.0.0:
  version "1.0.1"
  resolved "https://registry.yarnpkg.com/path-is-absolute/-/path-is-absolute-1.0.1.tgz#174b9268735534ffbc7ace6bf53a5a9e1b5c5f5f"
  integrity sha1-F0uSaHNVNP+8es5r9TpanhtcX18=

piece-length@^1.0.0:
  version "1.0.0"
  resolved "https://registry.yarnpkg.com/piece-length/-/piece-length-1.0.0.tgz#4db7167157fd69fef14caf7262cd39f189b24508"
  integrity sha1-TbcWcVf9af7xTK9yYs058YmyRQg=
  dependencies:
    closest-to "~2.0.0"

process-nextick-args@~2.0.0:
  version "2.0.0"
  resolved "https://registry.yarnpkg.com/process-nextick-args/-/process-nextick-args-2.0.0.tgz#a37d732f4271b4ab1ad070d35508e8290788ffaa"
  integrity sha512-MtEC1TqN0EU5nephaJ4rAtThHtC86dNN9qCuEhtshvpVBkAW5ZO7BASN9REnF9eoXGcRub+pFuKEpOHE+HbEMw==

protobufjs@^3.2.2:
  version "3.8.2"
  resolved "https://registry.yarnpkg.com/protobufjs/-/protobufjs-3.8.2.tgz#bc826e34c3af4697e8d0af7a669e4d612aedcd17"
  dependencies:
    ascli "~0.3"
    bytebuffer "~3 >=3.5"

pump@^3.0.0:
  version "3.0.0"
  resolved "https://registry.yarnpkg.com/pump/-/pump-3.0.0.tgz#b4a2116815bde2f4e1ea602354e8c75565107a64"
  integrity sha512-LwZy+p3SFs1Pytd/jYct4wpv49HiYCqd9Rlc5ZVdk0V+8Yzv6jR5Blk3TRmPL1ft69TxP0IMZGJ+WPFU2BFhww==
  dependencies:
    end-of-stream "^1.1.0"
    once "^1.3.1"

random-access-file@^2.0.1:
  version "2.1.0"
  resolved "https://registry.yarnpkg.com/random-access-file/-/random-access-file-2.1.0.tgz#7b3b6623d47e2f89282e77f0c9c9ae6da3cd9039"
  integrity sha512-W2hY3DboLETMclybTVzyqCNVKx1MjqUwZPzkpkkMD2t9mbGEtkV2SKWPqAJ/FTrAtnWB7aGwl0NDUS82da0KdQ==
  dependencies:
    mkdirp "^0.5.1"
    random-access-storage "^1.1.1"

random-access-storage@^1.1.1:
  version "1.3.0"
  resolved "https://registry.yarnpkg.com/random-access-storage/-/random-access-storage-1.3.0.tgz#d27e4d897b79dc4358afc2bbe553044e5c8cfe35"
  integrity sha512-pdS9Mcb9TB7oICypPRALlheaSuszuAKmLVEPKJMuYor7R/zDuHh5ALuQoS+ox31XRwQUL+tDwWH2GPdyspwelA==
  dependencies:
    inherits "^2.0.3"

random-iterate@^1.0.1:
  version "1.0.1"
  resolved "https://registry.yarnpkg.com/random-iterate/-/random-iterate-1.0.1.tgz#f7d97d92dee6665ec5f6da08c7f963cad4b2ac99"
  integrity sha1-99l9kt7mZl7F9toIx/ljytSyrJk=

randombytes@^2.0.3, randombytes@^2.0.5:
  version "2.1.0"
  resolved "https://registry.yarnpkg.com/randombytes/-/randombytes-2.1.0.tgz#df6f84372f0270dc65cdf6291349ab7a473d4f2a"
  integrity sha512-vYl3iOX+4CKUWuxGi9Ukhie6fsqXqS9FE2Zaic4tNFD2N2QQaXOMFbuKK4QmDHC0JO6B1Zp41J0LpT0oR68amQ==
  dependencies:
    safe-buffer "^5.1.0"

range-parser@^1.2.0:
  version "1.2.0"
  resolved "https://registry.yarnpkg.com/range-parser/-/range-parser-1.2.0.tgz#f49be6b487894ddc40dcc94a322f611092e00d5e"
  integrity sha1-9JvmtIeJTdxA3MlKMi9hEJLgDV4=

range-slice-stream@^2.0.0:
  version "2.0.0"
  resolved "https://registry.yarnpkg.com/range-slice-stream/-/range-slice-stream-2.0.0.tgz#1f25fc7a2cacf9ccd140c46f9cf670a1a7fe3ce6"
  integrity sha512-PPYLwZ63lXi6Tv2EZ8w3M4FzC0rVqvxivaOVS8pXSp5FMIHFnvi4MWHL3UdFLhwSy50aNtJsgjY0mBC6oFL26Q==
  dependencies:
    readable-stream "^3.0.2"

readable-stream@^2.0.3, readable-stream@^2.0.4, readable-stream@^2.0.5, readable-stream@^2.3.2, readable-stream@^2.3.4:
  version "2.3.6"
  resolved "https://registry.yarnpkg.com/readable-stream/-/readable-stream-2.3.6.tgz#b11c27d88b8ff1fbe070643cf94b0c79ae1b0aaf"
  integrity sha512-tQtKA9WIAhBF3+VLAseyMqZeBjW0AHJoxOtYqSUZNJxauErmLbVm2FW1y+J/YA9dUrAC39ITejlZWhVIwawkKw==
  dependencies:
    core-util-is "~1.0.0"
    inherits "~2.0.3"
    isarray "~1.0.0"
    process-nextick-args "~2.0.0"
    safe-buffer "~5.1.1"
    string_decoder "~1.1.1"
    util-deprecate "~1.0.1"

readable-stream@^3.0.0, readable-stream@^3.0.2, readable-stream@^3.0.6:
  version "3.3.0"
  resolved "https://registry.yarnpkg.com/readable-stream/-/readable-stream-3.3.0.tgz#cb8011aad002eb717bf040291feba8569c986fb9"
  integrity sha512-EsI+s3k3XsW+fU8fQACLN59ky34AZ14LoeVZpYwmZvldCFo0r0gnelwF2TcMjLor/BTL5aDJVBMkss0dthToPw==
  dependencies:
    inherits "^2.0.3"
    string_decoder "^1.1.1"
    util-deprecate "^1.0.1"

record-cache@^1.0.2:
  version "1.1.0"
  resolved "https://registry.yarnpkg.com/record-cache/-/record-cache-1.1.0.tgz#f8a467a691a469584b26e88d36b18afdb3932037"
  integrity sha512-u8rbtLEJV7HRacl/ZYwSBFD8NFyB3PfTTfGLP37IW3hftQCwu6z4Q2RLyxo1YJUNRTEzJfpLpGwVuEYdaIkG9Q==

render-media@^3.0.0:
  version "3.1.3"
  resolved "https://registry.yarnpkg.com/render-media/-/render-media-3.1.3.tgz#aa8c8cd3f720049370067180709b551d3c566254"
  integrity sha512-K7ziKKlIcgYpAovRsABDiSaNn7TzDDyyuFGpRwM52cloNcajInB6sCxFPUEzOuTJUeyvKCqT/k5INOjpKLCjhQ==
  dependencies:
    debug "^3.1.0"
    is-ascii "^1.0.0"
    mediasource "^2.1.0"
    stream-to-blob-url "^2.0.0"
    videostream "^2.5.1"

rimraf@^2.4.2:
  version "2.6.3"
  resolved "https://registry.yarnpkg.com/rimraf/-/rimraf-2.6.3.tgz#b2d104fe0d8fb27cf9e0a1cda8262dd3833c6cab"
  integrity sha512-mwqeW5XsA2qAejG46gYdENaxXjx9onRNCfn7L0duuP4hCuTIi/QO7PDK07KJfp1d+izWPrzEJDcSqBa0OZQriA==
  dependencies:
    glob "^7.1.3"

run-parallel-limit@^1.0.3:
  version "1.0.5"
  resolved "https://registry.yarnpkg.com/run-parallel-limit/-/run-parallel-limit-1.0.5.tgz#c29a4fd17b4df358cb52a8a697811a63c984f1b7"
  integrity sha512-NsY+oDngvrvMxKB3G8ijBzIema6aYbQMD2bHOamvN52BysbIGTnEY2xsNyfrcr9GhY995/t/0nQN3R3oZvaDlg==

run-parallel@^1.0.0, run-parallel@^1.1.2, run-parallel@^1.1.6:
  version "1.1.9"
  resolved "https://registry.yarnpkg.com/run-parallel/-/run-parallel-1.1.9.tgz#c9dd3a7cf9f4b2c4b6244e173a6ed866e61dd679"
  integrity sha512-DEqnSRTDw/Tc3FXf49zedI638Z9onwUotBMiUFKmrO2sdFKIbXamXGQ3Axd4qgphxKB4kw/qP1w5kTxnfU1B9Q==

run-series@^1.0.2:
  version "1.1.8"
  resolved "https://registry.yarnpkg.com/run-series/-/run-series-1.1.8.tgz#2c4558f49221e01cd6371ff4e0a1e203e460fc36"
  integrity sha512-+GztYEPRpIsQoCSraWHDBs9WVy4eVME16zhOtDB4H9J4xN0XRhknnmLOl+4gRgZtu8dpp9N/utSPjKH/xmDzXg==

rusha@^0.8.1:
  version "0.8.13"
  resolved "https://registry.yarnpkg.com/rusha/-/rusha-0.8.13.tgz#9a084e7b860b17bff3015b92c67a6a336191513a"
  integrity sha1-mghOe4YLF7/zAVuSxnpqM2GRUTo=

safe-buffer@^5.0.0, safe-buffer@^5.0.1, safe-buffer@^5.1.0, safe-buffer@^5.1.1, safe-buffer@~5.1.0, safe-buffer@~5.1.1:
  version "5.1.2"
  resolved "https://registry.yarnpkg.com/safe-buffer/-/safe-buffer-5.1.2.tgz#991ec69d296e0313747d59bdfd2b745c35f8828d"
  integrity sha512-Gd2UZBJDkXlY7GbJxfsE8/nvKkUEU1G38c1siN6QP6a9PT9MmHB8GnpscSmMJSoF8LOIrt8ud/wPtojys4G6+g==

simple-concat@^1.0.0:
  version "1.0.0"
  resolved "https://registry.yarnpkg.com/simple-concat/-/simple-concat-1.0.0.tgz#7344cbb8b6e26fb27d66b2fc86f9f6d5997521c6"
  integrity sha1-c0TLuLbib7J9ZrL8hvn21Zl1IcY=

simple-get@^3.0.0, simple-get@^3.0.1:
  version "3.0.3"
  resolved "https://registry.yarnpkg.com/simple-get/-/simple-get-3.0.3.tgz#924528ac3f9d7718ce5e9ec1b1a69c0be4d62efa"
  integrity sha512-Wvre/Jq5vgoz31Z9stYWPLn0PqRqmBDpFSdypAnHu5AvRVCYPRYGnvryNLiXu8GOBNDH82J2FRHUGMjjHUpXFw==
  dependencies:
    decompress-response "^3.3.0"
    once "^1.3.1"
    simple-concat "^1.0.0"

simple-peer@^9.0.0:
  version "9.3.0"
  resolved "https://registry.yarnpkg.com/simple-peer/-/simple-peer-9.3.0.tgz#85ecb126b23d8730f3904f199db65e84141e0f4e"
  integrity sha512-5dLDfrRomrS2LuZUuH2aO7yTGtHFEl5Eb+8ZzqM0KC0lHcYUyJudUomP9ZY/lPUKBx2broL/Eee9bQ53yycEgQ==
  dependencies:
    debug "^4.0.1"
    get-browser-rtc "^1.0.0"
    inherits "^2.0.1"
    randombytes "^2.0.3"
    readable-stream "^2.3.4"

simple-sha1@^2.0.0, simple-sha1@^2.0.8, simple-sha1@^2.1.0:
  version "2.1.2"
  resolved "https://registry.yarnpkg.com/simple-sha1/-/simple-sha1-2.1.2.tgz#de40cbd5aae278fde8e3bb3250a35d74c67326b1"
  integrity sha512-TQl9rm4rdKAVmhO++sXAb8TNN0D6JAD5iyI1mqEPNpxUzTRrtm4aOG1pDf/5W/qCFihiaoK6uuL9rvQz1x1VKw==
  dependencies:
    rusha "^0.8.1"

simple-websocket@^7.0.1:
  version "7.2.0"
  resolved "https://registry.yarnpkg.com/simple-websocket/-/simple-websocket-7.2.0.tgz#c3190555d74399372b96b51435f2d8c4b04611df"
  integrity sha512-wdxFg1fHw1yqFKWDcw+yNb4VIYqtl+vknZMlpLhvZSlR6l7/iVuwozqo+Qtl73mB1IH5QnXzonD1S+hAaLNTvQ==
  dependencies:
    debug "^3.1.0"
    inherits "^2.0.1"
    randombytes "^2.0.3"
    readable-stream "^2.0.5"
    ws "^6.0.0"

speedometer@^1.0.0:
  version "1.1.0"
  resolved "https://registry.yarnpkg.com/speedometer/-/speedometer-1.1.0.tgz#a30b13abda45687a1a76977012c060f2ac8a7934"
  integrity sha512-z/wAiTESw2XVPssY2XRcme4niTc4S5FkkJ4gknudtVoc33Zil8TdTxHy5torRcgqMqksJV2Yz8HQcvtbsnw0mQ==

split@^1.0.0:
  version "1.0.1"
  resolved "https://registry.yarnpkg.com/split/-/split-1.0.1.tgz#605bd9be303aa59fb35f9229fbea0ddec9ea07d9"
  integrity sha512-mTyOoPbrivtXnwnIxZRFYRrPNtEFKlpB2fvjSnCQUiAA6qAZzqwna5envK4uk6OIeP17CsdF3rSBGYVBsU0Tkg==
  dependencies:
    through "2"

stream-to-blob-url@^2.0.0, stream-to-blob-url@^2.1.0:
  version "2.1.1"
  resolved "https://registry.yarnpkg.com/stream-to-blob-url/-/stream-to-blob-url-2.1.1.tgz#e1ac97f86ca8e9f512329a48e7830ce9a50beef2"
  integrity sha512-DKJPEmCmIZoBfGVle9IhSfERiWaN5cuOtmfPxP2dZbLDRZxkBWZ4QbYxEJOSALk1Kf+WjBgedAMO6qkkf7Lmrg==
  dependencies:
    stream-to-blob "^1.0.0"

stream-to-blob@^1.0.0:
  version "1.0.1"
  resolved "https://registry.yarnpkg.com/stream-to-blob/-/stream-to-blob-1.0.1.tgz#2dc1e09b71677a234d00445f8eb7ff70c4fe9948"
  integrity sha512-aRy4neA4rf+qMtLT9fCRLPGWdrsIKtCx4kUdNTIPgPQ2hkHkdxbViVAvABMx9oRM6yCWfngHx6pwXfbYkVuPuw==
  dependencies:
    once "^1.3.3"

stream-with-known-length-to-buffer@^1.0.0:
  version "1.0.2"
  resolved "https://registry.yarnpkg.com/stream-with-known-length-to-buffer/-/stream-with-known-length-to-buffer-1.0.2.tgz#b8ea5a92086a1ed5d27fc4c529636682118c945b"
  integrity sha512-UxSISjxmguvfYzZdq6d4XAjc3gAocqTIOS1CjgwkDkkGT/LMTsIYiV8agIw42IHFFHf8k4lPOoroCCf4W9oqzg==
  dependencies:
    once "^1.3.3"

string2compact@^1.1.1, string2compact@^1.2.5:
  version "1.3.0"
  resolved "https://registry.yarnpkg.com/string2compact/-/string2compact-1.3.0.tgz#22d946127b082d1203c51316af60117a337423c3"
  integrity sha512-004ulKKANDuQilQsNxy2lisrpMG0qUJxBU+2YCEF7KziRyNR0Nredm2qk0f1V82nva59H3y9GWeHXE63HzGRFw==
  dependencies:
    addr-to-ip-port "^1.0.1"
    ipaddr.js "^1.0.1"

string_decoder@^1.1.1:
  version "1.2.0"
  resolved "https://registry.yarnpkg.com/string_decoder/-/string_decoder-1.2.0.tgz#fe86e738b19544afe70469243b2a1ee9240eae8d"
  integrity sha512-6YqyX6ZWEYguAxgZzHGL7SsCeGx3V2TtOTqZz1xSTSWnqsbWwbptafNyvf/ACquZUXV3DANr5BDIwNYe1mN42w==
  dependencies:
    safe-buffer "~5.1.0"

string_decoder@~1.1.1:
  version "1.1.1"
  resolved "https://registry.yarnpkg.com/string_decoder/-/string_decoder-1.1.1.tgz#9cf1611ba62685d7030ae9e4ba34149c3af03fc8"
  integrity sha512-n/ShnvDi6FHbbVfviro+WojiFzv+s8MPMHBczVePfUpDJLwoLT0ht1l4YwBCbi8pJAveEEdnkHyPyTP/mzRfwg==
  dependencies:
    safe-buffer "~5.1.0"

thirty-two@^1.0.1:
  version "1.0.2"
  resolved "https://registry.yarnpkg.com/thirty-two/-/thirty-two-1.0.2.tgz#4ca2fffc02a51290d2744b9e3f557693ca6b627a"
  integrity sha1-TKL//AKlEpDSdEueP1V2k8prYno=

through@2:
  version "2.3.8"
  resolved "https://registry.yarnpkg.com/through/-/through-2.3.8.tgz#0dd4c9ffaabc357960b1b724115d7e0e86a2e1f5"
  integrity sha1-DdTJ/6q8NXlgsbckEV1+Doai4fU=

thunky@^1.0.1:
  version "1.0.3"
  resolved "https://registry.yarnpkg.com/thunky/-/thunky-1.0.3.tgz#f5df732453407b09191dae73e2a8cc73f381a826"
  integrity sha512-YwT8pjmNcAXBZqrubu22P4FYsh2D4dxRmnWBOL8Jk8bUcRUtc5326kx32tuTmFDAZtLOGEVNl8POAR8j896Iow==

to-arraybuffer@^1.0.1:
  version "1.0.1"
  resolved "https://registry.yarnpkg.com/to-arraybuffer/-/to-arraybuffer-1.0.1.tgz#7d229b1fcc637e466ca081180836a7aabff83f43"
  integrity sha1-fSKbH8xjfkZsoIEYCDanqr/4P0M=

torrent-discovery@^9.1.1:
  version "9.1.1"
  resolved "https://registry.yarnpkg.com/torrent-discovery/-/torrent-discovery-9.1.1.tgz#56704e6747b24fe00dbb75b442d202051f78d37d"
  integrity sha512-3mHf+bxVCVLrlkPJdAoMbPMY1hpTZVeWw5hNc2pPFm+HCc2DS0HgVFTBTSWtB8vQPWA1hSEZpqJ+3QfdXxDE1g==
  dependencies:
    bittorrent-dht "^9.0.0"
    bittorrent-tracker "^9.0.0"
    debug "^3.1.0"
    run-parallel "^1.1.2"

torrent-piece@^2.0.0:
  version "2.0.0"
  resolved "https://registry.yarnpkg.com/torrent-piece/-/torrent-piece-2.0.0.tgz#6598ae67d93699e887f178db267ba16d89d7ec9b"
  integrity sha512-H/Z/yCuvZJj1vl1IQHI8dvF2QrUuXRJoptT5DW5967/dsLpXlCg+uyhFR5lfNj5mNaYePUbKtnL+qKWZGXv4Nw==

typedarray-to-buffer@^3.0.0:
  version "3.1.5"
  resolved "https://registry.yarnpkg.com/typedarray-to-buffer/-/typedarray-to-buffer-3.1.5.tgz#a97ee7a9ff42691b9f783ff1bc5112fe3fca9080"
  integrity sha512-zdu8XMNEDepKKR+XYOXAVPtWui0ly0NtohUscw+UmaHiAWT8hrV1rr//H6V+0DvJ3OQ19S979M0laLfX8rm82Q==
  dependencies:
    is-typedarray "^1.0.0"

uint64be@^2.0.2:
  version "2.0.2"
  resolved "https://registry.yarnpkg.com/uint64be/-/uint64be-2.0.2.tgz#ef4a179752fe8f9ddaa29544ecfc13490031e8e5"
  integrity sha512-9QqdvpGQTXgxthP+lY4e/gIBy+RuqcBaC6JVwT5I3bDLgT/btL6twZMR0pI3/Fgah9G/pdwzIprE5gL6v9UvyQ==
  dependencies:
    buffer-alloc "^1.1.0"

uniq@^1.0.1:
  version "1.0.1"
  resolved "https://registry.yarnpkg.com/uniq/-/uniq-1.0.1.tgz#b31c5ae8254844a3a8281541ce2b04b865a734ff"
  integrity sha1-sxxa6CVIRKOoKBVBzisEuGWnNP8=

unordered-array-remove@^1.0.2:
  version "1.0.2"
  resolved "https://registry.yarnpkg.com/unordered-array-remove/-/unordered-array-remove-1.0.2.tgz#c546e8f88e317a0cf2644c97ecb57dba66d250ef"
  integrity sha1-xUbo+I4xegzyZEyX7LV9umbSUO8=

ut_metadata@^3.3.0:
  version "3.3.0"
  resolved "https://registry.yarnpkg.com/ut_metadata/-/ut_metadata-3.3.0.tgz#a0e0e861ebc39ed96e506601d1463ade3b548a7e"
  integrity sha512-IK+ke9yL6a4oPLz/3oSW9TW7m9Wr4RG+5kW5aS2YulzEU1QDGAtago/NnOlno91fo3fSO7mnsqzn3NXNXdv8nA==
  dependencies:
    bencode "^2.0.0"
    bitfield "^2.0.0"
    debug "^3.1.0"
    simple-sha1 "^2.0.0"

ut_pex@^1.1.1:
  version "1.2.1"
  resolved "https://registry.yarnpkg.com/ut_pex/-/ut_pex-1.2.1.tgz#472ed0ea5e9bbc9148b833339d56d7b17cf3dad0"
  integrity sha512-ZrxMCbffYtxQDqvREN9kBXK2CB9tPnd5PylHoqQX9ai+3HV9/S39FnA5JnhLOC82dxIQQg0nTN2wmhtAdGNtOA==
  dependencies:
    bencode "^2.0.0"
    compact2string "^1.2.0"
    inherits "^2.0.1"
    string2compact "^1.2.5"

utf-8-validate@^5.0.1:
  version "5.0.2"
  resolved "https://registry.yarnpkg.com/utf-8-validate/-/utf-8-validate-5.0.2.tgz#63cfbccd85dc1f2b66cf7a1d0eebc08ed056bfb3"
  integrity sha512-SwV++i2gTD5qh2XqaPzBnNX88N6HdyhQrNNRykvcS0QKvItV9u3vPEJr+X5Hhfb1JC0r0e1alL0iB09rY8+nmw==
  dependencies:
    node-gyp-build "~3.7.0"

util-deprecate@^1.0.1, util-deprecate@~1.0.1:
  version "1.0.2"
  resolved "https://registry.yarnpkg.com/util-deprecate/-/util-deprecate-1.0.2.tgz#450d4dc9fa70de732762fbd2d4a28981419a0ccf"
  integrity sha1-RQ1Nyfpw3nMnYvvS1KKJgUGaDM8=

videostream@^2.5.1:
  version "2.6.0"
  resolved "https://registry.yarnpkg.com/videostream/-/videostream-2.6.0.tgz#7f0b2b84bc457c12cfe599aa2345f5cc06241ab6"
  integrity sha512-nSsullx1BYClJxVSt4Fa+Ulsv0Cf7UwaHq+4LQdLkAUdmqNhY1DlGxXDWVY2gui5XV4FvDiSbXmSbGryMrrUCQ==
  dependencies:
    binary-search "^1.3.4"
    inherits "^2.0.1"
    mediasource "^2.2.2"
    mp4-box-encoding "^1.3.0"
    mp4-stream "^2.0.0"
    multistream "^2.0.2"
    pump "^3.0.0"
    range-slice-stream "^2.0.0"

"webtorrent@github:amilajack/webtorrent":
  version "0.103.1"
  resolved "https://codeload.github.com/amilajack/webtorrent/tar.gz/7e42f1674ced80d15c26732d6e8b588016fd16e3"
  dependencies:
    addr-to-ip-port "^1.4.2"
    bitfield "^2.0.0"
    bittorrent-dht "^9.0.0"
    bittorrent-protocol "^3.0.0"
    chunk-store-stream "^3.0.1"
    create-torrent "^3.33.0"
    debug "^4.1.0"
    end-of-stream "^1.1.0"
    fs-chunk-store "^1.6.2"
    immediate-chunk-store "^2.0.0"
    load-ip-set "^2.1.0"
    memory-chunk-store "^1.2.0"
    mime "^2.4.0"
    multistream "^2.0.5"
    package-json-versionify "^1.0.2"
    parse-numeric-range "^0.0.2"
    parse-torrent "^6.1.2"
    pump "^3.0.0"
    random-iterate "^1.0.1"
    randombytes "^2.0.3"
    range-parser "^1.2.0"
    readable-stream "^3.0.6"
    render-media "^3.0.0"
    run-parallel "^1.1.6"
    run-parallel-limit "^1.0.3"
    safe-buffer "^5.0.1"
    simple-concat "^1.0.0"
    simple-get "^3.0.1"
    simple-peer "^9.0.0"
    simple-sha1 "^2.0.8"
    speedometer "^1.0.0"
    stream-to-blob "^1.0.0"
    stream-to-blob-url "^2.1.0"
    stream-with-known-length-to-buffer "^1.0.0"
    torrent-discovery "^9.1.1"
    torrent-piece "^2.0.0"
    uniq "^1.0.1"
    unordered-array-remove "^1.0.2"
    ut_metadata "^3.3.0"
    ut_pex "^1.1.1"

wrappy@1:
  version "1.0.2"
  resolved "https://registry.yarnpkg.com/wrappy/-/wrappy-1.0.2.tgz#b5243d8f3ec1aa35f1364605bc0d1036e30ab69f"
  integrity sha1-tSQ9jz7BqjXxNkYFvA0QNuMKtp8=

ws@^6.0.0:
  version "6.2.1"
  resolved "https://registry.yarnpkg.com/ws/-/ws-6.2.1.tgz#442fdf0a47ed64f59b6a5d8ff130f4748ed524fb"
  integrity sha512-GIyAXC2cB7LjvpgMt9EKS2ldqr0MTrORaleiOno6TweZ6r3TKtoFQWay/2PceJ3RuBasOHzXNn5Lrw1X0bEjqA==
  dependencies:
    async-limiter "~1.0.0"

xtend@^4.0.0, xtend@^4.0.1:
  version "4.0.1"
  resolved "https://registry.yarnpkg.com/xtend/-/xtend-4.0.1.tgz#a5c6d532be656e23db820efb943a1f04998d63af"
  integrity sha1-pcbVMr5lbiPbgg77lDofBJmNY68=
