# THIS IS AN AUTOGENERATED FILE. DO NOT EDIT THIS FILE DIRECTLY.
# yarn lockfile v1


addr-to-ip-port@^1.0.1, addr-to-ip-port@^1.4.2:
  version "1.5.1"
  resolved "https://registry.yarnpkg.com/addr-to-ip-port/-/addr-to-ip-port-1.5.1.tgz#bfada13fd6aeeeac19f1e9f7d84b4bbab45e5208"
  integrity sha512-bA+dyydTNuQtrEDJ0g9eR7XabNhvrM5yZY0hvTbNK3yvoeC73ZqMES6E1cEqH9WPxs4uMtMsOjfwS4FmluhsAA==

ascli@~0.3:
  version "0.3.0"
  resolved "https://registry.yarnpkg.com/ascli/-/ascli-0.3.0.tgz#5e66230e5219fe3e8952a4efb4f20fae596a813a"
  dependencies:
    colour latest
    optjs latest

balanced-match@^1.0.0:
  version "1.0.0"
  resolved "https://registry.yarnpkg.com/balanced-match/-/balanced-match-1.0.0.tgz#89b4d199ab2bee49de164ea02b89ce462d71b767"
  integrity sha1-ibTRmasr7kneFk6gK4nORi1xt2c=

bencode@^2.0.0:
  version "2.0.1"
  resolved "https://registry.yarnpkg.com/bencode/-/bencode-2.0.1.tgz#667a6a31c5e038d558608333da6b7c94e836c85b"
  integrity sha512-2uhEl8FdjSBUyb69qDTgOEeeqDTa+n3yMQzLW0cOzNf1Ow5bwcg3idf+qsWisIKRH8Bk8oC7UXL8irRcPA8ZEQ==
  dependencies:
    safe-buffer "^5.1.1"

binary-search@^1.3.4:
  version "1.3.6"
  resolved "https://registry.yarnpkg.com/binary-search/-/binary-search-1.3.6.tgz#e32426016a0c5092f0f3598836a1c7da3560565c"
  integrity sha512-nbE1WxOTTrUWIfsfZ4aHGYu5DOuNkbxGokjV6Z2kxfJK3uaAb8zNK1muzOeipoLHZjInT4Br88BHpzevc681xA==

bindings@~1.2.1:
  version "1.2.1"
  resolved "https://registry.yarnpkg.com/bindings/-/bindings-1.2.1.tgz#14ad6113812d2d37d72e67b4cacb4bb726505f11"

bitfield@^2.0.0:
  version "2.0.0"
  resolved "https://registry.yarnpkg.com/bitfield/-/bitfield-2.0.0.tgz#fbe6767592fe5b4c87ecf1d04126294cc1bfa837"
  integrity sha512-4xM4DYejOHQ/qWBfeqBXNA4mJ12PwcOibFYnH1kYh5U9BHciCqEJBqGNVnMJXUhm8mflujNRLSv7IiVQxovgjw==

bitfield@^3.0.0:
  version "3.0.0"
  resolved "https://registry.yarnpkg.com/bitfield/-/bitfield-3.0.0.tgz#b2d32c707866d42f016ae9bd8469999a9f51b59c"
  integrity sha512-hJmWKucJQfdSkQPDPBKmWogM9s8+NOSzDT9QVbJbjinXaQ0bJKPu/cn98qRWy3PDNWtKw4XaoUP3XruGRIKEgg==

bittorrent-dht@^9.0.0:
  version "9.0.3"
  resolved "https://registry.yarnpkg.com/bittorrent-dht/-/bittorrent-dht-9.0.3.tgz#bdcac9383bdc5e2a459eef6418332f3ae182d63f"
  integrity sha512-6FISjApL62THEMyptDm0kPTAnInBn8Sft3dK/JZcCI07LRIpIP+3Z6gle6xJUhyRVs6K5HmXAtaRatFsOEySOg==
  dependencies:
    bencode "^2.0.0"
    debug "^4.1.1"
    inherits "^2.0.1"
    k-bucket "^5.0.0"
    k-rpc "^5.0.0"
    last-one-wins "^1.0.4"
    lru "^3.1.0"
    randombytes "^2.0.5"
    record-cache "^1.0.2"
    simple-sha1 "^3.0.0"

bittorrent-peerid@^1.0.2:
  version "1.3.2"
  resolved "https://registry.yarnpkg.com/bittorrent-peerid/-/bittorrent-peerid-1.3.2.tgz#aca9ff812ec099c882079bec60b5558a3adb56fa"
  integrity sha512-3xPhNfklf4xzxFVw9Y7W5dnGNhubVF0r8BK3imIsB6E3aDA4d6WhsceK1Yusos0TiiB9QZrdCsVXVqs26sFMxw==

bittorrent-protocol@^3.0.0:
  version "3.1.1"
  resolved "https://registry.yarnpkg.com/bittorrent-protocol/-/bittorrent-protocol-3.1.1.tgz#2d5a615a5de471bf22934a2bf3f423ad760b8932"
  integrity sha512-kthSXghQ9DRQ4Lrjr1ceyIeEMeL5x9WiaSrQyR+5Nrr3g9QY6MvDeq+KLQz17R6094iDmT/LgFbQYAPj09/oUA==
  dependencies:
    bencode "^2.0.0"
    bitfield "^3.0.0"
    debug "^4.1.1"
    randombytes "^2.0.5"
    readable-stream "^3.0.0"
    speedometer "^1.0.0"
    unordered-array-remove "^1.0.2"

bittorrent-tracker@^9.0.0:
  version "9.14.5"
  resolved "https://registry.yarnpkg.com/bittorrent-tracker/-/bittorrent-tracker-9.14.5.tgz#aa5573ba91c003581cb337c2889226137f65f32a"
  integrity sha512-Y1ng5r2qGCgDldjd9eYL8Mv1DjCo6eljqC+T6IMcwmYx0h20KNPKTxJkyNT5gaeJkAhM+p+jmhlV7/ty535Txg==
  dependencies:
    bencode "^2.0.0"
    bittorrent-peerid "^1.0.2"
    bn.js "^5.0.0"
    chrome-dgram "^3.0.2"
    compact2string "^1.2.0"
    debug "^4.0.1"
    ip "^1.0.1"
    lru "^3.0.0"
    minimist "^1.1.1"
    once "^1.3.0"
    random-iterate "^1.0.1"
    randombytes "^2.0.3"
    run-parallel "^1.1.2"
    run-series "^1.0.2"
    simple-get "^3.0.0"
    simple-peer "^9.0.0"
    simple-websocket "^8.0.0"
    string2compact "^1.1.1"
    unordered-array-remove "^1.0.2"
    ws "^7.0.0"
  optionalDependencies:
    bufferutil "^4.0.0"
    utf-8-validate "^5.0.1"

blob-to-buffer@^1.2.6:
  version "1.2.8"
  resolved "https://registry.yarnpkg.com/blob-to-buffer/-/blob-to-buffer-1.2.8.tgz#78eeeb332f1280ed0ca6fb2b60693a8c6d36903a"
  integrity sha512-re0AIxakF504MgeMtIyJkVcZ8T5aUxtp/QmTMlmjyb3P44E1BEv5x3LATBGApWAJATyXHtkXRD+gWTmeyYLiQA==

block-stream2@^1.0.0:
  version "1.1.0"
  resolved "https://registry.yarnpkg.com/block-stream2/-/block-stream2-1.1.0.tgz#c738e3a91ba977ebb5e1fef431e13ca11d8639e2"
  integrity sha1-xzjjqRupd+u14f70MeE8oR2GOeI=
  dependencies:
    defined "^1.0.0"
    inherits "^2.0.1"
    readable-stream "^2.0.4"

bn.js@^5.0.0:
  version "5.1.1"
  resolved "https://registry.yarnpkg.com/bn.js/-/bn.js-5.1.1.tgz#48efc4031a9c4041b9c99c6941d903463ab62eb5"
  integrity sha512-IUTD/REb78Z2eodka1QZyyEk66pciRcP6Sroka0aI3tG/iwIdYLrBD62RsubR7vqdt3WyX8p4jxeatzmRSphtA==

brace-expansion@^1.1.7:
  version "1.1.11"
  resolved "https://registry.yarnpkg.com/brace-expansion/-/brace-expansion-1.1.11.tgz#3c7fcbf529d87226f3d2f52b966ff5271eb441dd"
  integrity sha512-iCuPHDFgrHX7H2vEI/5xpz07zSHB00TpugqhmYtVmMO6518mCuRMoOYFldEBl0g187ufozdaHgWKcYFb61qGiA==
  dependencies:
    balanced-match "^1.0.0"
    concat-map "0.0.1"

browserify-package-json@^1.0.0:
  version "1.0.1"
  resolved "https://registry.yarnpkg.com/browserify-package-json/-/browserify-package-json-1.0.1.tgz#98dde8aa5c561fd6d3fe49bbaa102b74b396fdea"
  integrity sha1-mN3oqlxWH9bT/km7qhArdLOW/eo=

buffer-alloc-unsafe@^1.1.0:
  version "1.1.0"
  resolved "https://registry.yarnpkg.com/buffer-alloc-unsafe/-/buffer-alloc-unsafe-1.1.0.tgz#bd7dc26ae2972d0eda253be061dba992349c19f0"
  integrity sha512-TEM2iMIEQdJ2yjPJoSIsldnleVaAk1oW3DBVUykyOLsEsFmEc9kn+SFFPz+gl54KQNxlDnAwCXosOS9Okx2xAg==

buffer-alloc@^1.1.0:
  version "1.2.0"
  resolved "https://registry.yarnpkg.com/buffer-alloc/-/buffer-alloc-1.2.0.tgz#890dd90d923a873e08e10e5fd51a57e5b7cce0ec"
  integrity sha512-CFsHQgjtW1UChdXgbyJGtnm+O/uLQeZdtbDo8mfUgYXCHSM1wgrVxXm6bSyrUuErEb+4sYVGCzASBRot7zyrow==
  dependencies:
    buffer-alloc-unsafe "^1.1.0"
    buffer-fill "^1.0.0"

buffer-fill@^1.0.0:
  version "1.0.0"
  resolved "https://registry.yarnpkg.com/buffer-fill/-/buffer-fill-1.0.0.tgz#f8f78b76789888ef39f205cd637f68e702122b2c"
  integrity sha1-+PeLdniYiO858gXNY39o5wISKyw=

bufferutil@^4.0.0:
  version "4.0.1"
  resolved "https://registry.yarnpkg.com/bufferutil/-/bufferutil-4.0.1.tgz#3a177e8e5819a1243fe16b63a199951a7ad8d4a7"
  integrity sha512-xowrxvpxojqkagPcWRQVXZl0YXhRhAtBEIq3VoER1NH5Mw1n1o0ojdspp+GS2J//2gCVyrzQDApQ4unGF+QOoA==
  dependencies:
    node-gyp-build "~3.7.0"

bufferview@~1:
  version "1.0.1"
  resolved "https://registry.yarnpkg.com/bufferview/-/bufferview-1.0.1.tgz#7afd74a45f937fa422a1d338c08bbfdc76cd725d"

"bytebuffer@~3 >=3.5":
  version "3.5.5"
  resolved "https://registry.yarnpkg.com/bytebuffer/-/bytebuffer-3.5.5.tgz#7a6faf1a13514b083f1fcf9541c4c9bfbe7e7fd3"
  dependencies:
    bufferview "~1"
    long "~2 >=2.2.3"

castv2-client@^1.2.0:
  version "1.2.0"
  resolved "https://registry.yarnpkg.com/castv2-client/-/castv2-client-1.2.0.tgz#a9193b1a5448b8cb9a0415bd021c8811ed7b0544"
  dependencies:
    castv2 "~0.1.4"
    debug "^2.2.0"

castv2@~0.1.4:
  version "0.1.9"
  resolved "https://registry.yarnpkg.com/castv2/-/castv2-0.1.9.tgz#d0b0fab1fd06b0d9cca636886716ec1293a5905a"
  dependencies:
    debug "^2.2.0"
    protobufjs "^3.2.2"

chrome-dgram@^3.0.2:
  version "3.0.4"
  resolved "https://registry.yarnpkg.com/chrome-dgram/-/chrome-dgram-3.0.4.tgz#aa785f23d1fc71c8619e8af166db7b9dc21a4f3e"
  integrity sha512-G8rOANSvSRC4hGny/K/ec1gXtNuZGzryFeoev49u0J4g/qws7H25vMKQlbD9izuedFVHwXFTdKQG62Tf/7Cmwg==
  dependencies:
    inherits "^2.0.1"
    run-series "^1.1.2"

chrome-dns@^1.0.0:
  version "1.0.1"
  resolved "https://registry.yarnpkg.com/chrome-dns/-/chrome-dns-1.0.1.tgz#6870af680a40d2c4b2efc2154a378793f5a4ce4b"
  integrity sha512-HqsYJgIc8ljJJOqOzLphjAs79EUuWSX3nzZi2LNkzlw3GIzAeZbaSektC8iT/tKvLqZq8yl1GJu5o6doA4TRbg==
  dependencies:
    chrome-net "^3.3.2"

chrome-net@^3.3.2:
  version "3.3.3"
  resolved "https://registry.yarnpkg.com/chrome-net/-/chrome-net-3.3.3.tgz#09b40337d97fa857ac44ee9a2d82a66e43863401"
  integrity sha512-11jL8+Ogna8M5TEdyalE8IG6cpaFEU3YcaxAj3YjZKjRM/PeT70pZbrUY+xoGwqiEJZwJE4Td2CvGxUvS9ytKQ==
  dependencies:
    inherits "^2.0.1"

chunk-store-stream@^3.0.1:
  version "3.0.1"
  resolved "https://registry.yarnpkg.com/chunk-store-stream/-/chunk-store-stream-3.0.1.tgz#8e0d739226dcb386f44447b82a005b597a1d41d9"
  integrity sha512-GA1NIFDZKElhkjiO6QOyzfK1QbUt6M3gFhUU/aR05JYaDqXbU5d7U92cLvGKdItJEDfojky6NQefy5VL5PpDBA==
  dependencies:
    block-stream2 "^1.0.0"
    readable-stream "^2.0.5"

colour@latest:
  version "0.7.1"
  resolved "https://registry.yarnpkg.com/colour/-/colour-0.7.1.tgz#9cb169917ec5d12c0736d3e8685746df1cadf778"

compact2string@^1.2.0:
  version "1.4.1"
  resolved "https://registry.yarnpkg.com/compact2string/-/compact2string-1.4.1.tgz#8d34929055f8300a13cfc030ad1832e2e53c2e25"
  integrity sha512-3D+EY5nsRhqnOwDxveBv5T8wGo4DEvYxjDtPGmdOX+gfr5gE92c2RC0w2wa+xEefm07QuVqqcF3nZJUZ92l/og==
  dependencies:
    ipaddr.js ">= 0.1.5"

concat-map@0.0.1:
  version "0.0.1"
  resolved "https://registry.yarnpkg.com/concat-map/-/concat-map-0.0.1.tgz#d8a96bd77fd68df7793a73036a3ba0d5405d477b"
  integrity sha1-2Klr13/Wjfd5OnMDajug1UBdR3s=

core-util-is@~1.0.0:
  version "1.0.2"
  resolved "https://registry.yarnpkg.com/core-util-is/-/core-util-is-1.0.2.tgz#b5fd54220aa2bc5ab57aab7140c940754503c1a7"
  integrity sha1-tf1UIgqivFq1eqtxQMlAdUUDwac=

create-torrent@^3.33.0:
  version "3.33.0"
  resolved "https://registry.yarnpkg.com/create-torrent/-/create-torrent-3.33.0.tgz#8a7a2aa2213a799c266c40e4c12f1468ede25105"
  integrity sha512-KMd0KuvwVUg1grlRd5skG9ZkSbBYDDkAjDUMLnvxdRn0rL7ph3IwoOk7I8u1yLX4HYjGiLVlWYO55YWNNPjJFA==
  dependencies:
    bencode "^2.0.0"
    block-stream2 "^1.0.0"
    filestream "^4.0.0"
    flatten "^1.0.2"
    is-file "^1.0.0"
    junk "^2.1.0"
    minimist "^1.1.0"
    multistream "^2.0.2"
    once "^1.3.0"
    piece-length "^1.0.0"
    readable-stream "^3.0.2"
    run-parallel "^1.0.0"
    simple-sha1 "^2.0.0"

debug@^2.2.0:
  version "2.6.9"
  resolved "https://registry.yarnpkg.com/debug/-/debug-2.6.9.tgz#5d128515df134ff327e90a4c93f4e077a536341f"
  dependencies:
    ms "2.0.0"

debug@^4.0.0, debug@^4.0.1, debug@^4.1.0, debug@^4.1.1:
  version "4.1.1"
  resolved "https://registry.yarnpkg.com/debug/-/debug-4.1.1.tgz#3b72260255109c6b589cee050f1d516139664791"
  integrity sha512-pYAIzeRo8J6KPEaJ0VWOh5Pzkbw/RetuzehGM7QRRX5he4fPHx2rdKMB256ehJCkX+XRQm16eZLqLNS8RSZXZw==
  dependencies:
    ms "^2.1.1"

decompress-response@^4.2.0:
  version "4.2.1"
  resolved "https://registry.yarnpkg.com/decompress-response/-/decompress-response-4.2.1.tgz#414023cc7a302da25ce2ec82d0d5238ccafd8986"
  integrity sha512-jOSne2qbyE+/r8G1VU+G/82LBs2Fs4LAsTiLSHOCOMZQl2OKZ6i8i4IyHemTe+/yIXOtTcRQMzPcgyhoFlqPkw==
  dependencies:
    mimic-response "^2.0.0"

defined@^1.0.0:
  version "1.0.0"
  resolved "https://registry.yarnpkg.com/defined/-/defined-1.0.0.tgz#c98d9bcef75674188e110969151199e39b1fa693"
  integrity sha1-yY2bzvdWdBiOEQlpFRGZ45sfppM=

end-of-stream@^1.1.0:
  version "1.4.4"
  resolved "https://registry.yarnpkg.com/end-of-stream/-/end-of-stream-1.4.4.tgz#5ae64a5f45057baf3626ec14da0ca5e4b2431eb0"
  integrity sha512-+uw1inIHVPQoaVuHzRyXd21icM+cnt4CzD5rW+NC1wjOUSTOs+Te7FOv7AhN7vS9x/oIyhLP5PR1H+phQAHu5Q==
  dependencies:
    once "^1.4.0"

filestream@^4.0.0:
  version "4.1.3"
  resolved "https://registry.yarnpkg.com/filestream/-/filestream-4.1.3.tgz#948fcaade8221f715f5ecaddc54862faaacc9325"
  integrity sha1-lI/KregiH3FfXsrdxUhi+qrMkyU=
  dependencies:
    inherits "^2.0.1"
    readable-stream "^2.0.5"
    typedarray-to-buffer "^3.0.0"
    xtend "^4.0.1"

flatten@^1.0.2:
  version "1.0.3"
  resolved "https://registry.yarnpkg.com/flatten/-/flatten-1.0.3.tgz#c1283ac9f27b368abc1e36d1ff7b04501a30356b"
  integrity sha512-dVsPA/UwQ8+2uoFe5GHtiBMu48dWLTdsuEd7CKGlZlD78r1TTWBvDuFaFGKCo/ZfEr95Uk56vZoX86OsHkUeIg==

fs-chunk-store@^1.6.2:
  version "1.7.0"
  resolved "https://registry.yarnpkg.com/fs-chunk-store/-/fs-chunk-store-1.7.0.tgz#1c4bcbe93c99af10aa04b65348f2bb27377a4010"
  integrity sha512-KhjJmZAs2eqfhCb6PdPx4RcZtheGTz86tpTC5JTvqBn/xda+Nb+0C7dCyjOSN7T76H6a56LvH0SVXQMchLXDRw==
  dependencies:
    mkdirp "^0.5.1"
    random-access-file "^2.0.1"
    randombytes "^2.0.3"
    rimraf "^2.4.2"
    run-parallel "^1.1.2"
    thunky "^1.0.1"

fs.realpath@^1.0.0:
  version "1.0.0"
  resolved "https://registry.yarnpkg.com/fs.realpath/-/fs.realpath-1.0.0.tgz#1504ad2523158caa40db4a2787cb01411994ea4f"
  integrity sha1-FQStJSMVjKpA20onh8sBQRmU6k8=

get-browser-rtc@^1.0.0:
  version "1.0.2"
  resolved "https://registry.yarnpkg.com/get-browser-rtc/-/get-browser-rtc-1.0.2.tgz#bbcd40c8451a7ed4ef5c373b8169a409dd1d11d9"
  integrity sha1-u81AyEUaftTvXDc7gWmkCd0dEdk=

get-stdin@^6.0.0:
  version "6.0.0"
  resolved "https://registry.yarnpkg.com/get-stdin/-/get-stdin-6.0.0.tgz#9e09bf712b360ab9225e812048f71fde9c89657b"
  integrity sha512-jp4tHawyV7+fkkSKyvjuLZswblUtz+SQKzSWnBbii16BuZksJlU1wuBYXY75r+duh/llF1ur6oNwi+2ZzjKZ7g==

glob@^7.1.3:
  version "7.1.6"
  resolved "https://registry.yarnpkg.com/glob/-/glob-7.1.6.tgz#141f33b81a7c2492e125594307480c46679278a6"
  integrity sha512-LwaxwyZ72Lk7vZINtNNrywX0ZuLyStrdDtabefZKAY5ZGJhVtgdznluResxNmPitE0SAO+O26sWTHeKSI2wMBA==
  dependencies:
    fs.realpath "^1.0.0"
    inflight "^1.0.4"
    inherits "2"
    minimatch "^3.0.4"
    once "^1.3.0"
    path-is-absolute "^1.0.0"

immediate-chunk-store@^2.0.0:
  version "2.1.0"
  resolved "https://registry.yarnpkg.com/immediate-chunk-store/-/immediate-chunk-store-2.1.0.tgz#3dbd3b5cc77182526188a8da47e38488a6627336"
  integrity sha512-QshP0SFpsy/bHQBjYMgzCcnLoqTj6PHFg8ZkPi2WbTw1qddNy0puuPDaFlXyrsZAdWMT3QziPDMzfj+mzCVMYg==
  dependencies:
    queue-microtask "^1.1.2"

inflight@^1.0.4:
  version "1.0.6"
  resolved "https://registry.yarnpkg.com/inflight/-/inflight-1.0.6.tgz#49bd6331d7d02d0c09bc910a1075ba8165b56df9"
  integrity sha1-Sb1jMdfQLQwJvJEKEHW6gWW1bfk=
  dependencies:
    once "^1.3.0"
    wrappy "1"

inherits@2, inherits@^2.0.1, inherits@^2.0.3, inherits@~2.0.3:
  version "2.0.4"
  resolved "https://registry.yarnpkg.com/inherits/-/inherits-2.0.4.tgz#0fa2c64f932917c3433a0ded55363aae37416b7c"
  integrity sha512-k/vGaX4/Yla3WzyMCvTQOXYeIHvqOKtnqBduzTHpzpQZzAskKMhZ2K+EnBiSM9zGSoIFeMpXKxa4dYeZIQqewQ==

ip-set@^1.0.0:
  version "1.0.2"
  resolved "https://registry.yarnpkg.com/ip-set/-/ip-set-1.0.2.tgz#be4f119f82c124836455993dfcd554639c7007de"
  integrity sha512-Mb6kv78bTi4RNAIIWL8Bbre7hXOR2pNUi3j8FaQkLaitf/ZWxkq3/iIwXNYk2ACO3IMfdVdQrOkUtwZblO7uBA==
  dependencies:
    ip "^1.1.3"

ip@^1.0.1, ip@^1.1.3:
  version "1.1.5"
  resolved "https://registry.yarnpkg.com/ip/-/ip-1.1.5.tgz#bdded70114290828c0a039e72ef25f5aaec4354a"
  integrity sha1-vd7XARQpCCjAoDnnLvJfWq7ENUo=

"ipaddr.js@>= 0.1.5", ipaddr.js@^1.0.1:
  version "1.9.1"
  resolved "https://registry.yarnpkg.com/ipaddr.js/-/ipaddr.js-1.9.1.tgz#bff38543eeb8984825079ff3a2a8e6cbd46781b3"
  integrity sha512-0KI/607xoxSToH7GjN1FfSbLoU0+btTicjsQSWQlh/hZykN8KpmMf7uYwPW3R+akZ6R/w18ZlXSHBYXiYUPO3g==

is-ascii@^1.0.0:
  version "1.0.0"
  resolved "https://registry.yarnpkg.com/is-ascii/-/is-ascii-1.0.0.tgz#f02ad0259a0921cd199ff21ce1b09e0f6b4e3929"
  integrity sha1-8CrQJZoJIc0Zn/Ic4bCeD2tOOSk=

is-file@^1.0.0:
  version "1.0.0"
  resolved "https://registry.yarnpkg.com/is-file/-/is-file-1.0.0.tgz#28a44cfbd9d3db193045f22b65fce8edf9620596"
  integrity sha1-KKRM+9nT2xkwRfIrZfzo7fliBZY=

is-typedarray@^1.0.0:
  version "1.0.0"
  resolved "https://registry.yarnpkg.com/is-typedarray/-/is-typedarray-1.0.0.tgz#e479c80858df0c1b11ddda6940f96011fcda4a9a"
  integrity sha1-5HnICFjfDBsR3dppQPlgEfzaSpo=

isarray@~1.0.0:
  version "1.0.0"
  resolved "https://registry.yarnpkg.com/isarray/-/isarray-1.0.0.tgz#bb935d48582cba168c06834957a54a3e07124f11"
  integrity sha1-u5NdSFgsuhaMBoNJV6VKPgcSTxE=

junk@^2.1.0:
  version "2.1.0"
  resolved "https://registry.yarnpkg.com/junk/-/junk-2.1.0.tgz#f431b4b7f072dc500a5f10ce7f4ec71930e70134"
  integrity sha1-9DG0t/By3FAKXxDOf07HGTDnATQ=

k-bucket@^5.0.0:
  version "5.0.0"
  resolved "https://registry.yarnpkg.com/k-bucket/-/k-bucket-5.0.0.tgz#ef7a401fcd4c37cd31dceaa6ae4440ca91055e01"
  integrity sha512-r/q+wV/Kde62/tk+rqyttEJn6h0jR7x+incdMVSYTqK73zVxVrzJa70kJL49cIKen8XjIgUZKSvk8ktnrQbK4w==
  dependencies:
    randombytes "^2.0.3"

k-rpc-socket@^1.7.2:
  version "1.11.1"
  resolved "https://registry.yarnpkg.com/k-rpc-socket/-/k-rpc-socket-1.11.1.tgz#f14b4b240a716c6cad7b6434b21716dbd7c7b0e8"
  integrity sha512-8xtA8oqbZ6v1Niryp2/g4GxW16EQh5MvrUylQoOG+zcrDff5CKttON2XUXvMwlIHq4/2zfPVFiinAccJ+WhxoA==
  dependencies:
    bencode "^2.0.0"
    chrome-dgram "^3.0.2"
    chrome-dns "^1.0.0"
    chrome-net "^3.3.2"

k-rpc@^5.0.0:
  version "5.1.0"
  resolved "https://registry.yarnpkg.com/k-rpc/-/k-rpc-5.1.0.tgz#af2052de2e84994d55da3032175da5dad8640174"
  integrity sha512-FGc+n70Hcjoa/X2JTwP+jMIOpBz+pkRffHnSl9yrYiwUxg3FIgD50+u1ePfJUOnRCnx6pbjmVk5aAeB1wIijuQ==
  dependencies:
    k-bucket "^5.0.0"
    k-rpc-socket "^1.7.2"
    randombytes "^2.0.5"

last-one-wins@^1.0.4:
  version "1.0.4"
  resolved "https://registry.yarnpkg.com/last-one-wins/-/last-one-wins-1.0.4.tgz#c1bfd0cbcb46790ec9156b8d1aee8fcb86cda22a"
  integrity sha1-wb/Qy8tGeQ7JFWuNGu6Py4bNoio=

load-ip-set@^2.1.0:
  version "2.1.0"
  resolved "https://registry.yarnpkg.com/load-ip-set/-/load-ip-set-2.1.0.tgz#2d50b737cae41de4e413d213991d4083a3e1784b"
  integrity sha512-taz7U6B+F7Zq90dfIKwqsB1CrFKelSEmMGC68OUqem8Cgd1QZygQBYb2Fk9i6muBSfH4xwF/Pjt4KKlAdOyWZw==
  dependencies:
    ip-set "^1.0.0"
    netmask "^1.0.6"
    once "^1.3.0"
    simple-get "^3.0.0"
    split "^1.0.0"

"long@~2 >=2.2.3":
  version "2.4.0"
  resolved "https://registry.yarnpkg.com/long/-/long-2.4.0.tgz#9fa180bb1d9500cdc29c4156766a1995e1f4524f"

lru@^3.0.0, lru@^3.1.0:
  version "3.1.0"
  resolved "https://registry.yarnpkg.com/lru/-/lru-3.1.0.tgz#ea7fb8546d83733396a13091d76cfeb4c06837d5"
  integrity sha1-6n+4VG2DczOWoTCR12z+tMBoN9U=
  dependencies:
    inherits "^2.0.1"

magnet-uri@^5.1.3:
  version "5.2.4"
  resolved "https://registry.yarnpkg.com/magnet-uri/-/magnet-uri-5.2.4.tgz#7afe5b736af04445aff744c93a890a3710077688"
  integrity sha512-VYaJMxhr8B9BrCiNINUsuhaEe40YnG+AQBwcqUKO66lSVaI9I3A1iH/6EmEwRI8OYUg5Gt+4lLE7achg676lrg==
  dependencies:
    thirty-two "^1.0.1"
    uniq "^1.0.1"

mdns@^2.5.1:
  version "2.5.1"
  resolved "https://registry.yarnpkg.com/mdns/-/mdns-2.5.1.tgz#f66d199de26dc372740f9c84c9b95db432a4fc46"
  integrity sha512-JglS7Ed3Yf0BCpyC7LXA1MUrumMV8jj4g67nT3+m886SFYllz2HWBg8ObywFXWbBSv5gW0meMOOS4vVa2jZGCw==
  dependencies:
    bindings "~1.2.1"
    nan "^2.14.0"

mediasource@^2.1.0, mediasource@^2.2.2:
  version "2.3.0"
  resolved "https://registry.yarnpkg.com/mediasource/-/mediasource-2.3.0.tgz#4c7b49e7ea4fb88f1cc181d8fcf0d94649271dc6"
  integrity sha512-fqm86UwHvAnneIv40Uy1sDQaFtAByq/k0SQ3uCtbnEeSQNT1s5TDHCZOD1VmYCHwfY1jL2NjoZVwzZKYqy3L7A==
  dependencies:
    inherits "^2.0.1"
    readable-stream "^3.0.0"
    to-arraybuffer "^1.0.1"

memory-chunk-store@^1.2.0:
  version "1.3.0"
  resolved "https://registry.yarnpkg.com/memory-chunk-store/-/memory-chunk-store-1.3.0.tgz#ae99e7e3b58b52db43d49d94722930d39459d0c4"
  integrity sha512-6LsOpHKKhxYrLhHmOJdBCUtSO7op5rUs1pag0fhjHo0QiXRyna0bwYf4EmQuL7InUeF2J7dUMPr6VMogRyf9NA==

mime@^2.4.0:
  version "2.4.4"
  resolved "https://registry.yarnpkg.com/mime/-/mime-2.4.4.tgz#bd7b91135fc6b01cde3e9bae33d659b63d8857e5"
  integrity sha512-LRxmNwziLPT828z+4YkNzloCFC2YM4wrB99k+AV5ZbEyfGNWfG8SO1FUXLmLDBSo89NrJZ4DIWeLjy1CHGhMGA==

mimic-response@^2.0.0:
  version "2.1.0"
  resolved "https://registry.yarnpkg.com/mimic-response/-/mimic-response-2.1.0.tgz#d13763d35f613d09ec37ebb30bac0469c0ee8f43"
  integrity sha512-wXqjST+SLt7R009ySCglWBCFpjUygmCIfD790/kVbiGmUgfYGuB14PiTd5DwVxSV4NcYHjzMkoj5LjQZwTQLEA==

minimatch@^3.0.4:
  version "3.0.4"
  resolved "https://registry.yarnpkg.com/minimatch/-/minimatch-3.0.4.tgz#5166e286457f03306064be5497e8dbb0c3d32083"
  integrity sha512-yJHVQEhyqPLUTgt9B83PXu6W3rx4MvvHvSUvToogpwoGDOUQ+yDrR0HRot+yOCdCO7u4hX3pWft6kWBBcqh0UA==
  dependencies:
    brace-expansion "^1.1.7"

minimist@^1.1.0, minimist@^1.1.1, minimist@^1.2.5:
  version "1.2.5"
  resolved "https://registry.yarnpkg.com/minimist/-/minimist-1.2.5.tgz#67d66014b66a6a8aaa0c083c5fd58df4e4e97602"
  integrity sha512-FM9nNUYrRBAELZQT3xeZQ7fmMOBg6nWNmJKTcgsJeaLstP/UODVpGsr5OhXhhXg6f+qtJ8uiZ+PUxkDWcgIXLw==

mkdirp-classic@^0.5.2:
  version "0.5.2"
  resolved "https://registry.yarnpkg.com/mkdirp-classic/-/mkdirp-classic-0.5.2.tgz#54c441ce4c96cd7790e10b41a87aa51068ecab2b"
  integrity sha512-ejdnDQcR75gwknmMw/tx02AuRs8jCtqFoFqDZMjiNxsu85sRIJVXDKHuLYvUUPRBUtV2FpSZa9bL1BUa3BdR2g==

mkdirp@^0.5.1:
  version "0.5.5"
  resolved "https://registry.yarnpkg.com/mkdirp/-/mkdirp-0.5.5.tgz#d91cefd62d1436ca0f41620e251288d420099def"
  integrity sha512-NKmAlESf6jMGym1++R0Ra7wvhV+wFW63FaSOFPwRahvea0gMUcGUhVeAg/0BC0wiv9ih5NYPB1Wn1UEI1/L+xQ==
  dependencies:
    minimist "^1.2.5"

mp4-box-encoding@^1.3.0:
  version "1.4.1"
  resolved "https://registry.yarnpkg.com/mp4-box-encoding/-/mp4-box-encoding-1.4.1.tgz#19b31804c896bc1adf1c21b497bcf951aa3b9098"
  integrity sha512-2/PRtGGiqPc/VEhbm7xAQ+gbb7yzHjjMAv6MpAifr5pCpbh3fQUdj93uNgwPiTppAGu8HFKe3PeU+OdRyAxStA==
  dependencies:
    uint64be "^2.0.2"

mp4-stream@^3.0.0:
  version "3.1.0"
  resolved "https://registry.yarnpkg.com/mp4-stream/-/mp4-stream-3.1.0.tgz#7a0800b50759b28fa4757cdb4ab6a49517543cd7"
  integrity sha512-ZQQjf0VEiqPucwRvmT3e0pfZfMSE3nc5ngGUiN1+2VMxCtrInrlAjZ2K6jpNmxSZ/roiQne/ovYJYTeOvZDXPw==
  dependencies:
    mp4-box-encoding "^1.3.0"
    next-event "^1.0.0"
    readable-stream "^3.0.6"

ms@2.0.0:
  version "2.0.0"
  resolved "https://registry.yarnpkg.com/ms/-/ms-2.0.0.tgz#5608aeadfc00be6c2901df5f9861788de0d597c8"

ms@^2.1.1:
  version "2.1.2"
  resolved "https://registry.yarnpkg.com/ms/-/ms-2.1.2.tgz#d09d1f357b443f493382a8eb3ccd183872ae6009"
  integrity sha512-sGkPx+VjMtmA6MX27oA4FBFELFCZZ4S4XqeGOXCv68tT+jb3vk/RyaKWP0PTKyWtmLSM0b+adUTEvbs1PEaH2w==

multistream@^2.0.2, multistream@^2.0.5:
  version "2.1.1"
  resolved "https://registry.yarnpkg.com/multistream/-/multistream-2.1.1.tgz#629d3a29bd76623489980d04519a2c365948148c"
  integrity sha512-xasv76hl6nr1dEy3lPvy7Ej7K/Lx3O/FCvwge8PeVJpciPPoNCbaANcNiBug3IpdvTveZUcAV0DJzdnUDMesNQ==
  dependencies:
    inherits "^2.0.1"
    readable-stream "^2.0.5"

nan@^2.14.0:
  version "2.14.0"
  resolved "https://registry.yarnpkg.com/nan/-/nan-2.14.0.tgz#7818f722027b2459a86f0295d434d1fc2336c52c"
  integrity sha512-INOFj37C7k3AfaNTtX8RhsTw7qRy7eLET14cROi9+5HAVbbHuIWUHEauBv5qT4Av2tWasiTY1Jw6puUNqRJXQg==

netmask@^1.0.6:
  version "1.0.6"
  resolved "https://registry.yarnpkg.com/netmask/-/netmask-1.0.6.tgz#20297e89d86f6f6400f250d9f4f6b4c1945fcd35"
  integrity sha1-ICl+idhvb2QA8lDZ9Pa0wZRfzTU=

next-event@^1.0.0:
  version "1.0.0"
  resolved "https://registry.yarnpkg.com/next-event/-/next-event-1.0.0.tgz#e7778acde2e55802e0ad1879c39cf6f75eda61d8"
  integrity sha1-53eKzeLlWALgrRh5w5z2917aYdg=

node-gyp-build@~3.7.0:
  version "3.7.0"
  resolved "https://registry.yarnpkg.com/node-gyp-build/-/node-gyp-build-3.7.0.tgz#daa77a4f547b9aed3e2aac779eaf151afd60ec8d"
  integrity sha512-L/Eg02Epx6Si2NXmedx+Okg+4UHqmaf3TNcxd50SF9NQGcJaON3AtU++kax69XV7YWz4tUspqZSAsVofhFKG2w==

once@^1.3.0, once@^1.3.1, once@^1.3.3, once@^1.4.0:
  version "1.4.0"
  resolved "https://registry.yarnpkg.com/once/-/once-1.4.0.tgz#583b1aa775961d4b113ac17d9c50baef9dd76bd1"
  integrity sha1-WDsap3WWHUsROsF9nFC6753Xa9E=
  dependencies:
    wrappy "1"

optjs@latest:
  version "3.2.2"
  resolved "https://registry.yarnpkg.com/optjs/-/optjs-3.2.2.tgz#69a6ce89c442a44403141ad2f9b370bd5bb6f4ee"

package-json-versionify@^1.0.2:
  version "1.0.4"
  resolved "https://registry.yarnpkg.com/package-json-versionify/-/package-json-versionify-1.0.4.tgz#5860587a944873a6b7e6d26e8e51ffb22315bf17"
  integrity sha1-WGBYepRIc6a35tJujlH/siMVvxc=
  dependencies:
    browserify-package-json "^1.0.0"

parse-numeric-range@^0.0.2:
  version "0.0.2"
  resolved "https://registry.yarnpkg.com/parse-numeric-range/-/parse-numeric-range-0.0.2.tgz#b4f09d413c7adbcd987f6e9233c7b4b210c938e4"
  integrity sha1-tPCdQTx6282Yf26SM8e0shDJOOQ=

parse-torrent@^6.1.2:
  version "6.1.2"
  resolved "https://registry.yarnpkg.com/parse-torrent/-/parse-torrent-6.1.2.tgz#99da5bdd23435a1cb7e8e7a63847c4efb21b1956"
  integrity sha512-Z/vig84sHwtrTEbOzisT4xnYTFlOgAaLQccPruMPgRahZUppVE/BUXzAos3jZM7c64o0lfukQdQ4ozWa5lN39w==
  dependencies:
    bencode "^2.0.0"
    blob-to-buffer "^1.2.6"
    get-stdin "^6.0.0"
    magnet-uri "^5.1.3"
    simple-get "^3.0.1"
    simple-sha1 "^2.0.0"
    uniq "^1.0.1"

path-is-absolute@^1.0.0:
  version "1.0.1"
  resolved "https://registry.yarnpkg.com/path-is-absolute/-/path-is-absolute-1.0.1.tgz#174b9268735534ffbc7ace6bf53a5a9e1b5c5f5f"
  integrity sha1-F0uSaHNVNP+8es5r9TpanhtcX18=

piece-length@^1.0.0:
  version "1.0.1"
  resolved "https://registry.yarnpkg.com/piece-length/-/piece-length-1.0.1.tgz#fb074d989e3af86e23bfefab036818133f4ad782"
  integrity sha512-7JNneRNPcdyNLvCF9/HR4shVJFn2Sx/RUUCmaloklNUa+zhthhb1S6QBprg+C3LIgcOUWDQDws+AIiTYawtE4A==

process-nextick-args@~2.0.0:
  version "2.0.1"
  resolved "https://registry.yarnpkg.com/process-nextick-args/-/process-nextick-args-2.0.1.tgz#7820d9b16120cc55ca9ae7792680ae7dba6d7fe2"
  integrity sha512-3ouUOpQhtgrbOa17J7+uxOTpITYWaGP7/AhoR3+A+/1e9skrzelGi/dXzEYyvbxubEF6Wn2ypscTKiKJFFn1ag==

protobufjs@^3.2.2:
  version "3.8.2"
  resolved "https://registry.yarnpkg.com/protobufjs/-/protobufjs-3.8.2.tgz#bc826e34c3af4697e8d0af7a669e4d612aedcd17"
  dependencies:
    ascli "~0.3"
    bytebuffer "~3 >=3.5"

pump@^3.0.0:
  version "3.0.0"
  resolved "https://registry.yarnpkg.com/pump/-/pump-3.0.0.tgz#b4a2116815bde2f4e1ea602354e8c75565107a64"
  integrity sha512-LwZy+p3SFs1Pytd/jYct4wpv49HiYCqd9Rlc5ZVdk0V+8Yzv6jR5Blk3TRmPL1ft69TxP0IMZGJ+WPFU2BFhww==
  dependencies:
    end-of-stream "^1.1.0"
    once "^1.3.1"

queue-microtask@^1.1.0, queue-microtask@^1.1.2:
  version "1.1.2"
  resolved "https://registry.yarnpkg.com/queue-microtask/-/queue-microtask-1.1.2.tgz#139bf8186db0c545017ec66c2664ac646d5c571e"
  integrity sha512-F9wwNePtXrzZenAB3ax0Y8TSKGvuB7Qw16J30hspEUTbfUM+H827XyN3rlpwhVmtm5wuZtbKIHjOnwDn7MUxWQ==

random-access-file@^2.0.1:
  version "2.1.4"
  resolved "https://registry.yarnpkg.com/random-access-file/-/random-access-file-2.1.4.tgz#d783e9082d08094c08c6f3dd481f37b2079709dc"
  integrity sha512-WAcBP5iLhg1pbjZA40WyMenjK7c5gJUY6Pi5HJ3fLJCeVFNSZv3juf20yFMKxBdvcX5GKbX/HZSfFzlLBdGTdQ==
  dependencies:
    mkdirp-classic "^0.5.2"
    random-access-storage "^1.1.1"

random-access-storage@^1.1.1:
  version "1.4.1"
  resolved "https://registry.yarnpkg.com/random-access-storage/-/random-access-storage-1.4.1.tgz#39a524dd428ade9161ce61a8ae677766e6117ffb"
  integrity sha512-DbCc2TIzOxPaHF6KCbr8zLtiYOJQQQCBHUVNHV/SckUQobCBB2YkDtbLdxGnPwPNpJfEyMWxDAm36A2xkbxxtw==
  dependencies:
    inherits "^2.0.3"

random-iterate@^1.0.1:
  version "1.0.1"
  resolved "https://registry.yarnpkg.com/random-iterate/-/random-iterate-1.0.1.tgz#f7d97d92dee6665ec5f6da08c7f963cad4b2ac99"
  integrity sha1-99l9kt7mZl7F9toIx/ljytSyrJk=

randombytes@^2.0.3, randombytes@^2.0.5:
  version "2.1.0"
  resolved "https://registry.yarnpkg.com/randombytes/-/randombytes-2.1.0.tgz#df6f84372f0270dc65cdf6291349ab7a473d4f2a"
  integrity sha512-vYl3iOX+4CKUWuxGi9Ukhie6fsqXqS9FE2Zaic4tNFD2N2QQaXOMFbuKK4QmDHC0JO6B1Zp41J0LpT0oR68amQ==
  dependencies:
    safe-buffer "^5.1.0"

range-parser@^1.2.0:
  version "1.2.1"
  resolved "https://registry.yarnpkg.com/range-parser/-/range-parser-1.2.1.tgz#3cf37023d199e1c24d1a55b84800c2f3e6468031"
  integrity sha512-Hrgsx+orqoygnmhFbKaHE6c296J+HTAQXoxEF6gNupROmmGJRoyzfG3ccAveqCBrwr/2yxQ5BVd/GTl5agOwSg==

range-slice-stream@^2.0.0:
  version "2.0.0"
  resolved "https://registry.yarnpkg.com/range-slice-stream/-/range-slice-stream-2.0.0.tgz#1f25fc7a2cacf9ccd140c46f9cf670a1a7fe3ce6"
  integrity sha512-PPYLwZ63lXi6Tv2EZ8w3M4FzC0rVqvxivaOVS8pXSp5FMIHFnvi4MWHL3UdFLhwSy50aNtJsgjY0mBC6oFL26Q==
  dependencies:
    readable-stream "^3.0.2"

readable-stream@^2.0.4, readable-stream@^2.0.5:
  version "2.3.7"
  resolved "https://registry.yarnpkg.com/readable-stream/-/readable-stream-2.3.7.tgz#1eca1cf711aef814c04f62252a36a62f6cb23b57"
  integrity sha512-Ebho8K4jIbHAxnuxi7o42OrZgF/ZTNcsZj6nRKyUmkhLFq8CHItp/fy6hQZuZmP/n3yZ9VBUbp4zz/mX8hmYPw==
  dependencies:
    core-util-is "~1.0.0"
    inherits "~2.0.3"
    isarray "~1.0.0"
    process-nextick-args "~2.0.0"
    safe-buffer "~5.1.1"
    string_decoder "~1.1.1"
    util-deprecate "~1.0.1"

readable-stream@^3.0.0, readable-stream@^3.0.2, readable-stream@^3.0.6, readable-stream@^3.1.1, readable-stream@^3.4.0:
  version "3.6.0"
  resolved "https://registry.yarnpkg.com/readable-stream/-/readable-stream-3.6.0.tgz#337bbda3adc0706bd3e024426a286d4b4b2c9198"
  integrity sha512-BViHy7LKeTz4oNnkcLJ+lVSL6vpiFeX6/d3oSH8zCW7UxP2onchk+vTGB143xuFjHS3deTgkKoXXymXqymiIdA==
  dependencies:
    inherits "^2.0.3"
    string_decoder "^1.1.1"
    util-deprecate "^1.0.1"

record-cache@^1.0.2:
  version "1.1.0"
  resolved "https://registry.yarnpkg.com/record-cache/-/record-cache-1.1.0.tgz#f8a467a691a469584b26e88d36b18afdb3932037"
  integrity sha512-u8rbtLEJV7HRacl/ZYwSBFD8NFyB3PfTTfGLP37IW3hftQCwu6z4Q2RLyxo1YJUNRTEzJfpLpGwVuEYdaIkG9Q==

render-media@^3.0.0:
  version "3.4.0"
  resolved "https://registry.yarnpkg.com/render-media/-/render-media-3.4.0.tgz#3e19cff3dc06da3b7431dda5aad4912e6dee60d8"
  integrity sha512-0BTIvIBS4xdC/qPpoj8ZsdZ/YoQhn+DutUqBkur1yUs5SnDoruiAtaHFJhxle8pREnNN/kT8E8fkftgMkJ8Tvg==
  dependencies:
    debug "^4.1.1"
    is-ascii "^1.0.0"
    mediasource "^2.1.0"
    stream-to-blob-url "^3.0.0"
    videostream "^3.2.0"

rimraf@^2.4.2:
  version "2.7.1"
  resolved "https://registry.yarnpkg.com/rimraf/-/rimraf-2.7.1.tgz#35797f13a7fdadc566142c29d4f07ccad483e3ec"
  integrity sha512-uWjbaKIK3T1OSVptzX7Nl6PvQ3qAGtKEtVRjRuazjfL3Bx5eI409VZSqgND+4UNnmzLVdPj9FqFJNPqBZFve4w==
  dependencies:
    glob "^7.1.3"

run-parallel-limit@^1.0.3:
  version "1.0.5"
  resolved "https://registry.yarnpkg.com/run-parallel-limit/-/run-parallel-limit-1.0.5.tgz#c29a4fd17b4df358cb52a8a697811a63c984f1b7"
  integrity sha512-NsY+oDngvrvMxKB3G8ijBzIema6aYbQMD2bHOamvN52BysbIGTnEY2xsNyfrcr9GhY995/t/0nQN3R3oZvaDlg==

run-parallel@^1.0.0, run-parallel@^1.1.2, run-parallel@^1.1.6:
  version "1.1.9"
  resolved "https://registry.yarnpkg.com/run-parallel/-/run-parallel-1.1.9.tgz#c9dd3a7cf9f4b2c4b6244e173a6ed866e61dd679"
  integrity sha512-DEqnSRTDw/Tc3FXf49zedI638Z9onwUotBMiUFKmrO2sdFKIbXamXGQ3Axd4qgphxKB4kw/qP1w5kTxnfU1B9Q==

run-series@^1.0.2, run-series@^1.1.2:
  version "1.1.8"
  resolved "https://registry.yarnpkg.com/run-series/-/run-series-1.1.8.tgz#2c4558f49221e01cd6371ff4e0a1e203e460fc36"
  integrity sha512-+GztYEPRpIsQoCSraWHDBs9WVy4eVME16zhOtDB4H9J4xN0XRhknnmLOl+4gRgZtu8dpp9N/utSPjKH/xmDzXg==

rusha@^0.8.1:
  version "0.8.13"
  resolved "https://registry.yarnpkg.com/rusha/-/rusha-0.8.13.tgz#9a084e7b860b17bff3015b92c67a6a336191513a"
  integrity sha1-mghOe4YLF7/zAVuSxnpqM2GRUTo=

safe-buffer@^5.0.1, safe-buffer@^5.1.0, safe-buffer@^5.1.1, safe-buffer@~5.2.0:
  version "5.2.0"
  resolved "https://registry.yarnpkg.com/safe-buffer/-/safe-buffer-5.2.0.tgz#b74daec49b1148f88c64b68d49b1e815c1f2f519"
  integrity sha512-fZEwUGbVl7kouZs1jCdMLdt95hdIv0ZeHg6L7qPeciMZhZ+/gdesW4wgTARkrFWEpspjEATAzUGPG8N2jJiwbg==

safe-buffer@~5.1.0, safe-buffer@~5.1.1:
  version "5.1.2"
  resolved "https://registry.yarnpkg.com/safe-buffer/-/safe-buffer-5.1.2.tgz#991ec69d296e0313747d59bdfd2b745c35f8828d"
  integrity sha512-Gd2UZBJDkXlY7GbJxfsE8/nvKkUEU1G38c1siN6QP6a9PT9MmHB8GnpscSmMJSoF8LOIrt8ud/wPtojys4G6+g==

simple-concat@^1.0.0:
  version "1.0.0"
  resolved "https://registry.yarnpkg.com/simple-concat/-/simple-concat-1.0.0.tgz#7344cbb8b6e26fb27d66b2fc86f9f6d5997521c6"
  integrity sha1-c0TLuLbib7J9ZrL8hvn21Zl1IcY=

simple-get@^3.0.0, simple-get@^3.0.1:
  version "3.1.0"
  resolved "https://registry.yarnpkg.com/simple-get/-/simple-get-3.1.0.tgz#b45be062435e50d159540b576202ceec40b9c6b3"
  integrity sha512-bCR6cP+aTdScaQCnQKbPKtJOKDp/hj9EDLJo3Nw4y1QksqaovlW/bnptB6/c1e+qmNIDHRK+oXFDdEqBT8WzUA==
  dependencies:
    decompress-response "^4.2.0"
    once "^1.3.1"
    simple-concat "^1.0.0"

simple-peer@^9.0.0:
  version "9.6.2"
  resolved "https://registry.yarnpkg.com/simple-peer/-/simple-peer-9.6.2.tgz#42418e77cf8f9184e4fa22ef1017b195c2bf84d7"
  integrity sha512-EOKoImCaqtNvXIntxT1CBBK/3pVi7tMAoJ3shdyd9qk3zLm3QPiRLb/sPC1G2xvKJkJc5fkQjCXqRZ0AknwTig==
  dependencies:
    debug "^4.0.1"
    get-browser-rtc "^1.0.0"
    queue-microtask "^1.1.0"
    randombytes "^2.0.3"
    readable-stream "^3.4.0"

simple-sha1@^2.0.0, simple-sha1@^2.0.8:
  version "2.1.2"
  resolved "https://registry.yarnpkg.com/simple-sha1/-/simple-sha1-2.1.2.tgz#de40cbd5aae278fde8e3bb3250a35d74c67326b1"
  integrity sha512-TQl9rm4rdKAVmhO++sXAb8TNN0D6JAD5iyI1mqEPNpxUzTRrtm4aOG1pDf/5W/qCFihiaoK6uuL9rvQz1x1VKw==
  dependencies:
    rusha "^0.8.1"

simple-sha1@^3.0.0:
  version "3.0.1"
  resolved "https://registry.yarnpkg.com/simple-sha1/-/simple-sha1-3.0.1.tgz#b34c3c978d74ac4baf99b6555c1e6736e0d6e700"
  integrity sha512-q7ehqWfHc1VhOm7sW099YDZ4I0yYX7rqyhqqhHV1IYeUTjPOhHyD3mXvv8k2P+rO7+7c8R4/D+8ffzC9BE7Cqg==
  dependencies:
    queue-microtask "^1.1.2"
    rusha "^0.8.1"

simple-websocket@^8.0.0:
  version "8.1.1"
  resolved "https://registry.yarnpkg.com/simple-websocket/-/simple-websocket-8.1.1.tgz#4fd68cb1301c1253b2607cfe0950a8be37e6116a"
  integrity sha512-06I3cwOD5Q3LdVd6qfyDGp1U9eau9x9qniSL3b/aDgM5bsJX4nZfCuii2UCFcTfrDq0jCXF4NQ/38qeC8CJZTg==
  dependencies:
    debug "^4.1.1"
    queue-microtask "^1.1.0"
    randombytes "^2.0.3"
    readable-stream "^3.1.1"
    ws "^7.0.0"

speedometer@^1.0.0:
  version "1.1.0"
  resolved "https://registry.yarnpkg.com/speedometer/-/speedometer-1.1.0.tgz#a30b13abda45687a1a76977012c060f2ac8a7934"
  integrity sha512-z/wAiTESw2XVPssY2XRcme4niTc4S5FkkJ4gknudtVoc33Zil8TdTxHy5torRcgqMqksJV2Yz8HQcvtbsnw0mQ==

split@^1.0.0:
  version "1.0.1"
  resolved "https://registry.yarnpkg.com/split/-/split-1.0.1.tgz#605bd9be303aa59fb35f9229fbea0ddec9ea07d9"
  integrity sha512-mTyOoPbrivtXnwnIxZRFYRrPNtEFKlpB2fvjSnCQUiAA6qAZzqwna5envK4uk6OIeP17CsdF3rSBGYVBsU0Tkg==
  dependencies:
    through "2"

stream-to-blob-url@^2.1.0:
  version "2.1.2"
  resolved "https://registry.yarnpkg.com/stream-to-blob-url/-/stream-to-blob-url-2.1.2.tgz#5f9ca7a4a893d1eba4524c5ab66543c1e1bfe01c"
  integrity sha512-dpfeYUYNodazv7rU+B9DOBj8u+dueXKOWqCy1lzPBxqeVIqq93jVTn68DZoBPLiYXSdsY9AW8D1l1BuxvghqEA==
  dependencies:
    stream-to-blob "^1.0.0"

stream-to-blob-url@^3.0.0:
  version "3.0.0"
  resolved "https://registry.yarnpkg.com/stream-to-blob-url/-/stream-to-blob-url-3.0.0.tgz#48dcaba85fab2d6c3795d38eb97a07741653f1dc"
  integrity sha512-Mu1iPvbBkzdUPCZ+J+XBr/oagjOBfj4vpErHRIe08QzWeILSDtF5LXo6v44HeQFpx7dfqcBKjGUbSNCJ+38zqQ==
  dependencies:
    stream-to-blob "^2.0.0"

stream-to-blob@^1.0.0:
  version "1.0.2"
  resolved "https://registry.yarnpkg.com/stream-to-blob/-/stream-to-blob-1.0.2.tgz#3eeb699ad79ee2088db1a58dfe83c736578d708d"
  integrity sha512-ryeEu3DGMt/095uTShIYGzLbbhZ+tHQtgp5HWEhXALSoc4U1iLSvpReZUdysahnJ3tki80wBBgryqqBzFZ0KaA==
  dependencies:
    once "^1.3.3"

stream-to-blob@^2.0.0:
  version "2.0.0"
  resolved "https://registry.yarnpkg.com/stream-to-blob/-/stream-to-blob-2.0.0.tgz#3b71d5445eaf69025556237d2dfd0fc66fd142e7"
  integrity sha512-E+YitTtIHo7RQ4Cmgl+EzlMpqvLroTynRgt4t0pI4y5oz/piqlBQB8NFXLIWcjGOsKw+THnImrdpWcOCVxK25Q==

stream-with-known-length-to-buffer@^1.0.0:
  version "1.0.3"
  resolved "https://registry.yarnpkg.com/stream-with-known-length-to-buffer/-/stream-with-known-length-to-buffer-1.0.3.tgz#6bcfcfecc33bd91deda375ca4738f99ec7cd541b"
  integrity sha512-4Wi2v47HMkNdRWrlFJNlIsrhV6z6nCyVKVAIiq14MAnc7wILEAINmn96IiPWTcXzT8y2S6yfBoX++MUxqiovag==
  dependencies:
    once "^1.3.3"

string2compact@^1.1.1, string2compact@^1.2.5:
  version "1.3.0"
  resolved "https://registry.yarnpkg.com/string2compact/-/string2compact-1.3.0.tgz#22d946127b082d1203c51316af60117a337423c3"
  integrity sha512-004ulKKANDuQilQsNxy2lisrpMG0qUJxBU+2YCEF7KziRyNR0Nredm2qk0f1V82nva59H3y9GWeHXE63HzGRFw==
  dependencies:
    addr-to-ip-port "^1.0.1"
    ipaddr.js "^1.0.1"

string_decoder@^1.1.1:
  version "1.3.0"
  resolved "https://registry.yarnpkg.com/string_decoder/-/string_decoder-1.3.0.tgz#42f114594a46cf1a8e30b0a84f56c78c3edac21e"
  integrity sha512-hkRX8U1WjJFd8LsDJ2yQ/wWWxaopEsABU1XfkM8A+j0+85JAGppt16cr1Whg6KIbb4okU6Mql6BOj+uup/wKeA==
  dependencies:
    safe-buffer "~5.2.0"

string_decoder@~1.1.1:
  version "1.1.1"
  resolved "https://registry.yarnpkg.com/string_decoder/-/string_decoder-1.1.1.tgz#9cf1611ba62685d7030ae9e4ba34149c3af03fc8"
  integrity sha512-n/ShnvDi6FHbbVfviro+WojiFzv+s8MPMHBczVePfUpDJLwoLT0ht1l4YwBCbi8pJAveEEdnkHyPyTP/mzRfwg==
  dependencies:
    safe-buffer "~5.1.0"

thirty-two@^1.0.1:
  version "1.0.2"
  resolved "https://registry.yarnpkg.com/thirty-two/-/thirty-two-1.0.2.tgz#4ca2fffc02a51290d2744b9e3f557693ca6b627a"
  integrity sha1-TKL//AKlEpDSdEueP1V2k8prYno=

through@2:
  version "2.3.8"
  resolved "https://registry.yarnpkg.com/through/-/through-2.3.8.tgz#0dd4c9ffaabc357960b1b724115d7e0e86a2e1f5"
  integrity sha1-DdTJ/6q8NXlgsbckEV1+Doai4fU=

thunky@^1.0.1:
  version "1.1.0"
  resolved "https://registry.yarnpkg.com/thunky/-/thunky-1.1.0.tgz#5abaf714a9405db0504732bbccd2cedd9ef9537d"
  integrity sha512-eHY7nBftgThBqOyHGVN+l8gF0BucP09fMo0oO/Lb0w1OF80dJv+lDVpXG60WMQvkcxAkNybKsrEIE3ZtKGmPrA==

to-arraybuffer@^1.0.1:
  version "1.0.1"
  resolved "https://registry.yarnpkg.com/to-arraybuffer/-/to-arraybuffer-1.0.1.tgz#7d229b1fcc637e466ca081180836a7aabff83f43"
  integrity sha1-fSKbH8xjfkZsoIEYCDanqr/4P0M=

torrent-discovery@^9.1.1:
  version "9.2.1"
  resolved "https://registry.yarnpkg.com/torrent-discovery/-/torrent-discovery-9.2.1.tgz#afeac808487f5180be98ce2f3e4b0abc93c7b6b7"
  integrity sha512-bjKkbTEkcoZTXF8nhcRu6UWqbkpUsehd/6umoZqjgj/dM8nD3O7wNkPZrmls+vVf+2LT9ejZMlNUvZCqSe8cqg==
  dependencies:
    bittorrent-dht "^9.0.0"
    bittorrent-tracker "^9.0.0"
    debug "^4.0.0"
    run-parallel "^1.1.2"

torrent-piece@^2.0.0:
  version "2.0.0"
  resolved "https://registry.yarnpkg.com/torrent-piece/-/torrent-piece-2.0.0.tgz#6598ae67d93699e887f178db267ba16d89d7ec9b"
  integrity sha512-H/Z/yCuvZJj1vl1IQHI8dvF2QrUuXRJoptT5DW5967/dsLpXlCg+uyhFR5lfNj5mNaYePUbKtnL+qKWZGXv4Nw==

typedarray-to-buffer@^3.0.0:
  version "3.1.5"
  resolved "https://registry.yarnpkg.com/typedarray-to-buffer/-/typedarray-to-buffer-3.1.5.tgz#a97ee7a9ff42691b9f783ff1bc5112fe3fca9080"
  integrity sha512-zdu8XMNEDepKKR+XYOXAVPtWui0ly0NtohUscw+UmaHiAWT8hrV1rr//H6V+0DvJ3OQ19S979M0laLfX8rm82Q==
  dependencies:
    is-typedarray "^1.0.0"

uint64be@^2.0.2:
  version "2.0.2"
  resolved "https://registry.yarnpkg.com/uint64be/-/uint64be-2.0.2.tgz#ef4a179752fe8f9ddaa29544ecfc13490031e8e5"
  integrity sha512-9QqdvpGQTXgxthP+lY4e/gIBy+RuqcBaC6JVwT5I3bDLgT/btL6twZMR0pI3/Fgah9G/pdwzIprE5gL6v9UvyQ==
  dependencies:
    buffer-alloc "^1.1.0"

uniq@^1.0.1:
  version "1.0.1"
  resolved "https://registry.yarnpkg.com/uniq/-/uniq-1.0.1.tgz#b31c5ae8254844a3a8281541ce2b04b865a734ff"
  integrity sha1-sxxa6CVIRKOoKBVBzisEuGWnNP8=

unordered-array-remove@^1.0.2:
  version "1.0.2"
  resolved "https://registry.yarnpkg.com/unordered-array-remove/-/unordered-array-remove-1.0.2.tgz#c546e8f88e317a0cf2644c97ecb57dba66d250ef"
  integrity sha1-xUbo+I4xegzyZEyX7LV9umbSUO8=

ut_metadata@^3.3.0:
  version "3.5.0"
  resolved "https://registry.yarnpkg.com/ut_metadata/-/ut_metadata-3.5.0.tgz#02d954bbbbf48c8563510ff2dae9f65f6b4f5fa3"
  integrity sha512-eqiRaDYiDl94uVB9oR8Yor+xl0rSKUovsqDxMt+hXzJt1yLYAo0HksVLlSiPPwkXBGFpERQADPanCi0EGhixnw==
  dependencies:
    bencode "^2.0.0"
    bitfield "^3.0.0"
    debug "^4.0.0"
    simple-sha1 "^3.0.0"

ut_pex@^1.1.1:
  version "1.2.1"
  resolved "https://registry.yarnpkg.com/ut_pex/-/ut_pex-1.2.1.tgz#472ed0ea5e9bbc9148b833339d56d7b17cf3dad0"
  integrity sha512-ZrxMCbffYtxQDqvREN9kBXK2CB9tPnd5PylHoqQX9ai+3HV9/S39FnA5JnhLOC82dxIQQg0nTN2wmhtAdGNtOA==
  dependencies:
    bencode "^2.0.0"
    compact2string "^1.2.0"
    inherits "^2.0.1"
    string2compact "^1.2.5"

utf-8-validate@^5.0.1:
  version "5.0.2"
  resolved "https://registry.yarnpkg.com/utf-8-validate/-/utf-8-validate-5.0.2.tgz#63cfbccd85dc1f2b66cf7a1d0eebc08ed056bfb3"
  integrity sha512-SwV++i2gTD5qh2XqaPzBnNX88N6HdyhQrNNRykvcS0QKvItV9u3vPEJr+X5Hhfb1JC0r0e1alL0iB09rY8+nmw==
  dependencies:
    node-gyp-build "~3.7.0"

util-deprecate@^1.0.1, util-deprecate@~1.0.1:
  version "1.0.2"
  resolved "https://registry.yarnpkg.com/util-deprecate/-/util-deprecate-1.0.2.tgz#450d4dc9fa70de732762fbd2d4a28981419a0ccf"
  integrity sha1-RQ1Nyfpw3nMnYvvS1KKJgUGaDM8=

videostream@^3.2.0:
  version "3.2.1"
  resolved "https://registry.yarnpkg.com/videostream/-/videostream-3.2.1.tgz#643688ad4bfbf37570d421e3196b7e0ad38eeebc"
  integrity sha512-Z4EcsX9aYNJZD1M+0jCeQ0t+5ETlHE88B2SF1fCuVxfn+XxHGJVec6tbHGqpULk4esOOLJEipAScOCDGHk+teQ==
  dependencies:
    binary-search "^1.3.4"
    mediasource "^2.2.2"
    mp4-box-encoding "^1.3.0"
    mp4-stream "^3.0.0"
    pump "^3.0.0"
    range-slice-stream "^2.0.0"

"webtorrent@github:amilajack/webtorrent":
  version "0.103.1"
  resolved "https://codeload.github.com/amilajack/webtorrent/tar.gz/7e42f1674ced80d15c26732d6e8b588016fd16e3"
  dependencies:
    addr-to-ip-port "^1.4.2"
    bitfield "^2.0.0"
    bittorrent-dht "^9.0.0"
    bittorrent-protocol "^3.0.0"
    chunk-store-stream "^3.0.1"
    create-torrent "^3.33.0"
    debug "^4.1.0"
    end-of-stream "^1.1.0"
    fs-chunk-store "^1.6.2"
    immediate-chunk-store "^2.0.0"
    load-ip-set "^2.1.0"
    memory-chunk-store "^1.2.0"
    mime "^2.4.0"
    multistream "^2.0.5"
    package-json-versionify "^1.0.2"
    parse-numeric-range "^0.0.2"
    parse-torrent "^6.1.2"
    pump "^3.0.0"
    random-iterate "^1.0.1"
    randombytes "^2.0.3"
    range-parser "^1.2.0"
    readable-stream "^3.0.6"
    render-media "^3.0.0"
    run-parallel "^1.1.6"
    run-parallel-limit "^1.0.3"
    safe-buffer "^5.0.1"
    simple-concat "^1.0.0"
    simple-get "^3.0.1"
    simple-peer "^9.0.0"
    simple-sha1 "^2.0.8"
    speedometer "^1.0.0"
    stream-to-blob "^1.0.0"
    stream-to-blob-url "^2.1.0"
    stream-with-known-length-to-buffer "^1.0.0"
    torrent-discovery "^9.1.1"
    torrent-piece "^2.0.0"
    uniq "^1.0.1"
    unordered-array-remove "^1.0.2"
    ut_metadata "^3.3.0"
    ut_pex "^1.1.1"

wrappy@1:
  version "1.0.2"
  resolved "https://registry.yarnpkg.com/wrappy/-/wrappy-1.0.2.tgz#b5243d8f3ec1aa35f1364605bc0d1036e30ab69f"
  integrity sha1-tSQ9jz7BqjXxNkYFvA0QNuMKtp8=

ws@^7.0.0:
  version "7.2.3"
  resolved "https://registry.yarnpkg.com/ws/-/ws-7.2.3.tgz#a5411e1fb04d5ed0efee76d26d5c46d830c39b46"
  integrity sha512-HTDl9G9hbkNDk98naoR/cHDws7+EyYMOdL1BmjsZXRUjf7d+MficC4B7HLUPlSiho0vg+CWKrGIt/VJBd1xunQ==

xtend@^4.0.1:
  version "4.0.2"
  resolved "https://registry.yarnpkg.com/xtend/-/xtend-4.0.2.tgz#bb72779f5fa465186b1f438f674fa347fdb5db54"
  integrity sha512-LKYU1iAXJXUgAXn9URjiu+MWhyUXHsvfp7mcuYm9dSUKK0/CjtrUwFAxD82/mCWbtLsGjFIad0wIsod4zrTAEQ==
